// !$*UTF8*$!
{
	archiveVersion = 1;
	classes = {
	};
	objectVersion = 46;
	objects = {

/* Begin PBXBuildFile section */
		4919678814D1502000AA933B /* libboost_regex.dylib in CopyFiles */ = {isa = PBXBuildFile; fileRef = 4919678614D14FDF00AA933B /* libboost_regex.dylib */; };
		4919679214D156BD00AA933B /* libboost_regex.dylib in Frameworks */ = {isa = PBXBuildFile; fileRef = 4919678614D14FDF00AA933B /* libboost_regex.dylib */; };
		498D608014C41D3A007BDA1E /* Scintilla.framework in Frameworks */ = {isa = PBXBuildFile; fileRef = 4929495114C41AE600660D2F /* Scintilla.framework */; };
		498D60A414C56774007BDA1E /* libboost_filesystem.dylib in Frameworks */ = {isa = PBXBuildFile; fileRef = 498D60A014C5673E007BDA1E /* libboost_filesystem.dylib */; settings = {ATTRIBUTES = (Required, ); }; };
		498D60A514C56774007BDA1E /* libboost_system.dylib in Frameworks */ = {isa = PBXBuildFile; fileRef = 498D60A114C5673E007BDA1E /* libboost_system.dylib */; };
		498D60A614C56EA1007BDA1E /* Scintilla.framework in CopyFiles */ = {isa = PBXBuildFile; fileRef = 4929495114C41AE600660D2F /* Scintilla.framework */; };
		498D60A814C625FB007BDA1E /* libboost_filesystem.dylib in CopyFiles */ = {isa = PBXBuildFile; fileRef = 498D60A014C5673E007BDA1E /* libboost_filesystem.dylib */; };
		498D60A914C625FB007BDA1E /* libboost_system.dylib in CopyFiles */ = {isa = PBXBuildFile; fileRef = 498D60A114C5673E007BDA1E /* libboost_system.dylib */; };
		499213E114CD5BE100811769 /* libexpat.a in Frameworks */ = {isa = PBXBuildFile; fileRef = 499213E014CD5BE100811769 /* libexpat.a */; };
		49C8C9B214BD883E000E55DC /* Cocoa.framework in Frameworks */ = {isa = PBXBuildFile; fileRef = 49C8C9B114BD883E000E55DC /* Cocoa.framework */; };
		49C8C9BC14BD883E000E55DC /* InfoPlist.strings in Resources */ = {isa = PBXBuildFile; fileRef = 49C8C9BA14BD883E000E55DC /* InfoPlist.strings */; };
		49C8C9BE14BD883E000E55DC /* main.mm in Sources */ = {isa = PBXBuildFile; fileRef = 49C8C9BD14BD883E000E55DC /* main.mm */; };
		49C8C9C214BD883E000E55DC /* Credits.rtf in Resources */ = {isa = PBXBuildFile; fileRef = 49C8C9C014BD883E000E55DC /* Credits.rtf */; };
		49C8C9C514BD883E000E55DC /* PNAppDelegate.mm in Sources */ = {isa = PBXBuildFile; fileRef = 49C8C9C414BD883E000E55DC /* PNAppDelegate.mm */; };
		49C8C9C814BD883F000E55DC /* MainMenu.xib in Resources */ = {isa = PBXBuildFile; fileRef = 49C8C9C614BD883F000E55DC /* MainMenu.xib */; };
		49C8CA0214C027FE000E55DC /* libpeanut.a in Frameworks */ = {isa = PBXBuildFile; fileRef = 49C8C9FA14BED6B6000E55DC /* libpeanut.a */; };
/* End PBXBuildFile section */

/* Begin PBXContainerItemProxy section */
		4929495014C41AE600660D2F /* PBXContainerItemProxy */ = {
			isa = PBXContainerItemProxy;
			containerPortal = 4929494C14C41AE500660D2F /* ScintillaFramework.xcodeproj */;
			proxyType = 2;
			remoteGlobalIDString = 8DC2EF5B0486A6940098B216;
			remoteInfo = Scintilla;
		};
		49C8C9F914BED6B6000E55DC /* PBXContainerItemProxy */ = {
			isa = PBXContainerItemProxy;
			containerPortal = 49C8C9F514BED6B6000E55DC /* peanut.xcodeproj */;
			proxyType = 2;
			remoteGlobalIDString = 4937F22014BCF04700E084F2;
			remoteInfo = peanut;
		};
/* End PBXContainerItemProxy section */

/* Begin PBXCopyFilesBuildPhase section */
		498D608114C41DF4007BDA1E /* CopyFiles */ = {
			isa = PBXCopyFilesBuildPhase;
			buildActionMask = 2147483647;
			dstPath = "";
			dstSubfolderSpec = 10;
			files = (
				498D60A614C56EA1007BDA1E /* Scintilla.framework in CopyFiles */,
			);
			runOnlyForDeploymentPostprocessing = 0;
		};
		498D60A714C625E9007BDA1E /* CopyFiles */ = {
			isa = PBXCopyFilesBuildPhase;
			buildActionMask = 2147483647;
			dstPath = "";
			dstSubfolderSpec = 6;
			files = (
				4919678814D1502000AA933B /* libboost_regex.dylib in CopyFiles */,
				498D60A814C625FB007BDA1E /* libboost_filesystem.dylib in CopyFiles */,
				498D60A914C625FB007BDA1E /* libboost_system.dylib in CopyFiles */,
			);
			runOnlyForDeploymentPostprocessing = 0;
		};
/* End PBXCopyFilesBuildPhase section */

/* Begin PBXFileReference section */
		4919678614D14FDF00AA933B /* libboost_regex.dylib */ = {isa = PBXFileReference; lastKnownFileType = "compiled.mach-o.dylib"; name = libboost_regex.dylib; path = ../../../lib/boost_1_48_0/stage/lib/libboost_regex.dylib; sourceTree = "<group>"; };
		4929494C14C41AE500660D2F /* ScintillaFramework.xcodeproj */ = {isa = PBXFileReference; lastKnownFileType = "wrapper.pb-project"; name = ScintillaFramework.xcodeproj; path = ../../libpeanut/third_party/scintilla/cocoa/ScintillaFramework/ScintillaFramework.xcodeproj; sourceTree = "<group>"; };
		498D60A014C5673E007BDA1E /* libboost_filesystem.dylib */ = {isa = PBXFileReference; lastKnownFileType = "compiled.mach-o.dylib"; name = libboost_filesystem.dylib; path = ../../../lib/boost_1_48_0/stage/lib/libboost_filesystem.dylib; sourceTree = "<group>"; };
		498D60A114C5673E007BDA1E /* libboost_system.dylib */ = {isa = PBXFileReference; lastKnownFileType = "compiled.mach-o.dylib"; name = libboost_system.dylib; path = ../../../lib/boost_1_48_0/stage/lib/libboost_system.dylib; sourceTree = "<group>"; };
		499213E014CD5BE100811769 /* libexpat.a */ = {isa = PBXFileReference; lastKnownFileType = archive.ar; name = libexpat.a; path = ../../lib/mac/libexpat.a; sourceTree = "<group>"; };
		499A798814D9CB13004DBF51 /* ada.scheme */ = {isa = PBXFileReference; lastKnownFileType = text.xml; path = ada.scheme; sourceTree = "<group>"; };
		499A798914D9CB13004DBF51 /* asm.scheme */ = {isa = PBXFileReference; lastKnownFileType = text.xml; path = asm.scheme; sourceTree = "<group>"; };
		499A798A14D9CB13004DBF51 /* bash.scheme */ = {isa = PBXFileReference; lastKnownFileType = text.xml; path = bash.scheme; sourceTree = "<group>"; };
		499A798B14D9CB13004DBF51 /* cpp.scheme */ = {isa = PBXFileReference; lastKnownFileType = text.xml; path = cpp.scheme; sourceTree = "<group>"; };
		499A798C14D9CB13004DBF51 /* d.scheme */ = {isa = PBXFileReference; lastKnownFileType = text.xml; path = d.scheme; sourceTree = "<group>"; };
		499A798D14D9CB13004DBF51 /* docbook.scheme */ = {isa = PBXFileReference; lastKnownFileType = text.xml; path = docbook.scheme; sourceTree = "<group>"; };
		499A798E14D9CB13004DBF51 /* extmap.dat */ = {isa = PBXFileReference; lastKnownFileType = text; path = extmap.dat; sourceTree = "<group>"; };
		499A798F14D9CB13004DBF51 /* fortran.scheme */ = {isa = PBXFileReference; lastKnownFileType = text.xml; path = fortran.scheme; sourceTree = "<group>"; };
		499A799014D9CB13004DBF51 /* latex.scheme */ = {isa = PBXFileReference; lastKnownFileType = text.xml; path = latex.scheme; sourceTree = "<group>"; };
		499A799114D9CB13004DBF51 /* lisp.scheme */ = {isa = PBXFileReference; lastKnownFileType = text.xml; path = lisp.scheme; sourceTree = "<group>"; };
		499A799214D9CB13004DBF51 /* lua.scheme */ = {isa = PBXFileReference; lastKnownFileType = text.xml; path = lua.scheme; sourceTree = "<group>"; };
		499A799314D9CB13004DBF51 /* master.scheme */ = {isa = PBXFileReference; lastKnownFileType = text.xml; path = master.scheme; sourceTree = "<group>"; };
		499A799414D9CB13004DBF51 /* matlab.scheme */ = {isa = PBXFileReference; lastKnownFileType = text.xml; path = matlab.scheme; sourceTree = "<group>"; };
		499A799514D9CB13004DBF51 /* misc.scheme */ = {isa = PBXFileReference; lastKnownFileType = text.xml; path = misc.scheme; sourceTree = "<group>"; };
		499A799614D9CB13004DBF51 /* modula2.scheme */ = {isa = PBXFileReference; lastKnownFileType = text.xml; path = modula2.scheme; sourceTree = "<group>"; };
		499A799714D9CB13004DBF51 /* nsis2.scheme */ = {isa = PBXFileReference; lastKnownFileType = text.xml; path = nsis2.scheme; sourceTree = "<group>"; };
		499A799814D9CB13004DBF51 /* pascal.scheme */ = {isa = PBXFileReference; lastKnownFileType = text.xml; path = pascal.scheme; sourceTree = "<group>"; };
		499A799914D9CB13004DBF51 /* perl.scheme */ = {isa = PBXFileReference; lastKnownFileType = text.xml; path = perl.scheme; sourceTree = "<group>"; };
		499A799A14D9CB13004DBF51 /* php.api */ = {isa = PBXFileReference; lastKnownFileType = text.xml; path = php.api; sourceTree = "<group>"; };
		499A799B14D9CB13004DBF51 /* phpscript.scheme */ = {isa = PBXFileReference; lastKnownFileType = text.xml; path = phpscript.scheme; sourceTree = "<group>"; };
		499A799C14D9CB13004DBF51 /* powershell.scheme */ = {isa = PBXFileReference; lastKnownFileType = text.xml; path = powershell.scheme; sourceTree = "<group>"; };
		499A799D14D9CB13004DBF51 /* python.scheme */ = {isa = PBXFileReference; lastKnownFileType = text.xml; path = python.scheme; sourceTree = "<group>"; };
		499A799E14D9CB13004DBF51 /* ruby.api */ = {isa = PBXFileReference; lastKnownFileType = text; path = ruby.api; sourceTree = "<group>"; };
		499A799F14D9CB13004DBF51 /* ruby.scheme */ = {isa = PBXFileReference; lastKnownFileType = text.xml; path = ruby.scheme; sourceTree = "<group>"; };
		499A79A014D9CB13004DBF51 /* specman.scheme */ = {isa = PBXFileReference; lastKnownFileType = text.xml; path = specman.scheme; sourceTree = "<group>"; };
		499A79A114D9CB13004DBF51 /* sql.scheme */ = {isa = PBXFileReference; lastKnownFileType = text.xml; path = sql.scheme; sourceTree = "<group>"; };
		499A79A214D9CB13004DBF51 /* tcl.scheme */ = {isa = PBXFileReference; lastKnownFileType = text.xml; path = tcl.scheme; sourceTree = "<group>"; };
		499A79A314D9CB13004DBF51 /* vb.scheme */ = {isa = PBXFileReference; lastKnownFileType = text.xml; path = vb.scheme; sourceTree = "<group>"; };
		499A79A414D9CB13004DBF51 /* verilog.scheme */ = {isa = PBXFileReference; lastKnownFileType = text.xml; path = verilog.scheme; sourceTree = "<group>"; };
		499A79A514D9CB13004DBF51 /* vhdl.scheme */ = {isa = PBXFileReference; lastKnownFileType = text.xml; path = vhdl.scheme; sourceTree = "<group>"; };
		499A79A614D9CB13004DBF51 /* WebFiles.scheme */ = {isa = PBXFileReference; lastKnownFileType = text.xml; path = WebFiles.scheme; sourceTree = "<group>"; };
		499A79A714D9CB13004DBF51 /* xml.scheme */ = {isa = PBXFileReference; lastKnownFileType = text.xml; path = xml.scheme; sourceTree = "<group>"; };
		49C8C9AD14BD883E000E55DC /* PeanutEditor.app */ = {isa = PBXFileReference; explicitFileType = wrapper.application; includeInIndex = 0; path = PeanutEditor.app; sourceTree = BUILT_PRODUCTS_DIR; };
		49C8C9B114BD883E000E55DC /* Cocoa.framework */ = {isa = PBXFileReference; lastKnownFileType = wrapper.framework; name = Cocoa.framework; path = System/Library/Frameworks/Cocoa.framework; sourceTree = SDKROOT; };
		49C8C9B414BD883E000E55DC /* AppKit.framework */ = {isa = PBXFileReference; lastKnownFileType = wrapper.framework; name = AppKit.framework; path = System/Library/Frameworks/AppKit.framework; sourceTree = SDKROOT; };
		49C8C9B514BD883E000E55DC /* CoreData.framework */ = {isa = PBXFileReference; lastKnownFileType = wrapper.framework; name = CoreData.framework; path = System/Library/Frameworks/CoreData.framework; sourceTree = SDKROOT; };
		49C8C9B614BD883E000E55DC /* Foundation.framework */ = {isa = PBXFileReference; lastKnownFileType = wrapper.framework; name = Foundation.framework; path = System/Library/Frameworks/Foundation.framework; sourceTree = SDKROOT; };
		49C8C9B914BD883E000E55DC /* PeanutEditor-Info.plist */ = {isa = PBXFileReference; lastKnownFileType = text.plist.xml; name = "PeanutEditor-Info.plist"; path = "../../../peanut/mac/PeanutEditor-Info.plist"; sourceTree = "<group>"; };
		49C8C9BB14BD883E000E55DC /* en */ = {isa = PBXFileReference; lastKnownFileType = text.plist.strings; name = en; path = en.lproj/InfoPlist.strings; sourceTree = "<group>"; };
		49C8C9BD14BD883E000E55DC /* main.mm */ = {isa = PBXFileReference; lastKnownFileType = sourcecode.cpp.objcpp; name = main.mm; path = ../../../peanut/mac/main.mm; sourceTree = "<group>"; };
		49C8C9BF14BD883E000E55DC /* PeanutEditor-Prefix.pch */ = {isa = PBXFileReference; lastKnownFileType = sourcecode.c.h; name = "PeanutEditor-Prefix.pch"; path = "../../../peanut/mac/PeanutEditor-Prefix.pch"; sourceTree = "<group>"; };
		49C8C9C114BD883E000E55DC /* en */ = {isa = PBXFileReference; lastKnownFileType = text.rtf; name = en; path = en.lproj/Credits.rtf; sourceTree = "<group>"; };
		49C8C9C314BD883E000E55DC /* PNAppDelegate.h */ = {isa = PBXFileReference; lastKnownFileType = sourcecode.c.h; name = PNAppDelegate.h; path = ../../../peanut/mac/PNAppDelegate.h; sourceTree = "<group>"; };
		49C8C9C414BD883E000E55DC /* PNAppDelegate.mm */ = {isa = PBXFileReference; lastKnownFileType = sourcecode.cpp.objcpp; name = PNAppDelegate.mm; path = ../../../peanut/mac/PNAppDelegate.mm; sourceTree = "<group>"; };
		49C8C9C714BD883F000E55DC /* en */ = {isa = PBXFileReference; lastKnownFileType = file.xib; name = en; path = en.lproj/MainMenu.xib; sourceTree = "<group>"; };
		49C8C9F514BED6B6000E55DC /* peanut.xcodeproj */ = {isa = PBXFileReference; lastKnownFileType = "wrapper.pb-project"; name = peanut.xcodeproj; path = ../peanut/peanut.xcodeproj; sourceTree = "<group>"; };
		49C8C9FB14BED7DF000E55DC /* PNScintilla.h */ = {isa = PBXFileReference; fileEncoding = 4; lastKnownFileType = sourcecode.c.h; name = PNScintilla.h; path = ../../../peanut/mac/PNScintilla.h; sourceTree = "<group>"; };
/* End PBXFileReference section */

/* Begin PBXFrameworksBuildPhase section */
		49C8C9AA14BD883E000E55DC /* Frameworks */ = {
			isa = PBXFrameworksBuildPhase;
			buildActionMask = 2147483647;
			files = (
				4919679214D156BD00AA933B /* libboost_regex.dylib in Frameworks */,
				499213E114CD5BE100811769 /* libexpat.a in Frameworks */,
				498D60A414C56774007BDA1E /* libboost_filesystem.dylib in Frameworks */,
				498D60A514C56774007BDA1E /* libboost_system.dylib in Frameworks */,
				498D608014C41D3A007BDA1E /* Scintilla.framework in Frameworks */,
				49C8CA0214C027FE000E55DC /* libpeanut.a in Frameworks */,
				49C8C9B214BD883E000E55DC /* Cocoa.framework in Frameworks */,
			);
			runOnlyForDeploymentPostprocessing = 0;
		};
/* End PBXFrameworksBuildPhase section */

/* Begin PBXGroup section */
		4929494D14C41AE500660D2F /* Products */ = {
			isa = PBXGroup;
			children = (
				4929495114C41AE600660D2F /* Scintilla.framework */,
			);
			name = Products;
			sourceTree = "<group>";
		};
		499A798714D9CB13004DBF51 /* schemes */ = {
			isa = PBXGroup;
			children = (
				499A798814D9CB13004DBF51 /* ada.scheme */,
				499A798914D9CB13004DBF51 /* asm.scheme */,
				499A798A14D9CB13004DBF51 /* bash.scheme */,
				499A798B14D9CB13004DBF51 /* cpp.scheme */,
				499A798C14D9CB13004DBF51 /* d.scheme */,
				499A798D14D9CB13004DBF51 /* docbook.scheme */,
				499A798E14D9CB13004DBF51 /* extmap.dat */,
				499A798F14D9CB13004DBF51 /* fortran.scheme */,
				499A799014D9CB13004DBF51 /* latex.scheme */,
				499A799114D9CB13004DBF51 /* lisp.scheme */,
				499A799214D9CB13004DBF51 /* lua.scheme */,
				499A799314D9CB13004DBF51 /* master.scheme */,
				499A799414D9CB13004DBF51 /* matlab.scheme */,
				499A799514D9CB13004DBF51 /* misc.scheme */,
				499A799614D9CB13004DBF51 /* modula2.scheme */,
				499A799714D9CB13004DBF51 /* nsis2.scheme */,
				499A799814D9CB13004DBF51 /* pascal.scheme */,
				499A799914D9CB13004DBF51 /* perl.scheme */,
				499A799A14D9CB13004DBF51 /* php.api */,
				499A799B14D9CB13004DBF51 /* phpscript.scheme */,
				499A799C14D9CB13004DBF51 /* powershell.scheme */,
				499A799D14D9CB13004DBF51 /* python.scheme */,
				499A799E14D9CB13004DBF51 /* ruby.api */,
				499A799F14D9CB13004DBF51 /* ruby.scheme */,
				499A79A014D9CB13004DBF51 /* specman.scheme */,
				499A79A114D9CB13004DBF51 /* sql.scheme */,
				499A79A214D9CB13004DBF51 /* tcl.scheme */,
				499A79A314D9CB13004DBF51 /* vb.scheme */,
				499A79A414D9CB13004DBF51 /* verilog.scheme */,
				499A79A514D9CB13004DBF51 /* vhdl.scheme */,
				499A79A614D9CB13004DBF51 /* WebFiles.scheme */,
				499A79A714D9CB13004DBF51 /* xml.scheme */,
			);
			name = schemes;
			path = ../../pnwtl/bin/schemes;
			sourceTree = "<group>";
		};
		49C8C9A214BD883E000E55DC = {
			isa = PBXGroup;
			children = (
				499A798714D9CB13004DBF51 /* schemes */,
				4919678614D14FDF00AA933B /* libboost_regex.dylib */,
				499213E014CD5BE100811769 /* libexpat.a */,
				498D60A014C5673E007BDA1E /* libboost_filesystem.dylib */,
				498D60A114C5673E007BDA1E /* libboost_system.dylib */,
				4929494C14C41AE500660D2F /* ScintillaFramework.xcodeproj */,
				49C8C9F514BED6B6000E55DC /* peanut.xcodeproj */,
				49C8C9B714BD883E000E55DC /* PeanutEditor */,
				49C8C9B014BD883E000E55DC /* Frameworks */,
				49C8C9AE14BD883E000E55DC /* Products */,
			);
			sourceTree = "<group>";
		};
		49C8C9AE14BD883E000E55DC /* Products */ = {
			isa = PBXGroup;
			children = (
				49C8C9AD14BD883E000E55DC /* PeanutEditor.app */,
			);
			name = Products;
			sourceTree = "<group>";
		};
		49C8C9B014BD883E000E55DC /* Frameworks */ = {
			isa = PBXGroup;
			children = (
				49C8C9B114BD883E000E55DC /* Cocoa.framework */,
				49C8C9B314BD883E000E55DC /* Other Frameworks */,
			);
			name = Frameworks;
			sourceTree = "<group>";
		};
		49C8C9B314BD883E000E55DC /* Other Frameworks */ = {
			isa = PBXGroup;
			children = (
				49C8C9B414BD883E000E55DC /* AppKit.framework */,
				49C8C9B514BD883E000E55DC /* CoreData.framework */,
				49C8C9B614BD883E000E55DC /* Foundation.framework */,
			);
			name = "Other Frameworks";
			sourceTree = "<group>";
		};
		49C8C9B714BD883E000E55DC /* PeanutEditor */ = {
			isa = PBXGroup;
			children = (
				49C8C9C314BD883E000E55DC /* PNAppDelegate.h */,
				49C8C9C414BD883E000E55DC /* PNAppDelegate.mm */,
				49C8C9C614BD883F000E55DC /* MainMenu.xib */,
				49C8C9B814BD883E000E55DC /* Supporting Files */,
				49C8C9FB14BED7DF000E55DC /* PNScintilla.h */,
			);
			path = PeanutEditor;
			sourceTree = "<group>";
		};
		49C8C9B814BD883E000E55DC /* Supporting Files */ = {
			isa = PBXGroup;
			children = (
				49C8C9B914BD883E000E55DC /* PeanutEditor-Info.plist */,
				49C8C9BA14BD883E000E55DC /* InfoPlist.strings */,
				49C8C9BD14BD883E000E55DC /* main.mm */,
				49C8C9BF14BD883E000E55DC /* PeanutEditor-Prefix.pch */,
				49C8C9C014BD883E000E55DC /* Credits.rtf */,
			);
			name = "Supporting Files";
			sourceTree = "<group>";
		};
		49C8C9F614BED6B6000E55DC /* Products */ = {
			isa = PBXGroup;
			children = (
				49C8C9FA14BED6B6000E55DC /* libpeanut.a */,
			);
			name = Products;
			sourceTree = "<group>";
		};
/* End PBXGroup section */

/* Begin PBXNativeTarget section */
		49C8C9AC14BD883E000E55DC /* PeanutEditor */ = {
			isa = PBXNativeTarget;
			buildConfigurationList = 49C8C9CB14BD883F000E55DC /* Build configuration list for PBXNativeTarget "PeanutEditor" */;
			buildPhases = (
				49C8C9A914BD883E000E55DC /* Sources */,
				49C8C9AA14BD883E000E55DC /* Frameworks */,
				49C8C9AB14BD883E000E55DC /* Resources */,
				498D608114C41DF4007BDA1E /* CopyFiles */,
				498D60A714C625E9007BDA1E /* CopyFiles */,
				499213D814CD55EA00811769 /* ShellScript */,
			);
			buildRules = (
			);
			dependencies = (
			);
			name = PeanutEditor;
			productName = PeanutEditor;
			productReference = 49C8C9AD14BD883E000E55DC /* PeanutEditor.app */;
			productType = "com.apple.product-type.application";
		};
/* End PBXNativeTarget section */

/* Begin PBXProject section */
		49C8C9A414BD883E000E55DC /* Project object */ = {
			isa = PBXProject;
			attributes = {
				LastUpgradeCheck = 0420;
			};
			buildConfigurationList = 49C8C9A714BD883E000E55DC /* Build configuration list for PBXProject "PeanutEditor" */;
			compatibilityVersion = "Xcode 3.2";
			developmentRegion = English;
			hasScannedForEncodings = 0;
			knownRegions = (
				en,
			);
			mainGroup = 49C8C9A214BD883E000E55DC;
			productRefGroup = 49C8C9AE14BD883E000E55DC /* Products */;
			projectDirPath = "";
			projectReferences = (
				{
					ProductGroup = 49C8C9F614BED6B6000E55DC /* Products */;
					ProjectRef = 49C8C9F514BED6B6000E55DC /* peanut.xcodeproj */;
				},
				{
					ProductGroup = 4929494D14C41AE500660D2F /* Products */;
					ProjectRef = 4929494C14C41AE500660D2F /* ScintillaFramework.xcodeproj */;
				},
			);
			projectRoot = "";
			targets = (
				49C8C9AC14BD883E000E55DC /* PeanutEditor */,
			);
		};
/* End PBXProject section */

/* Begin PBXReferenceProxy section */
		4929495114C41AE600660D2F /* Scintilla.framework */ = {
			isa = PBXReferenceProxy;
			fileType = wrapper.framework;
			path = Scintilla.framework;
			remoteRef = 4929495014C41AE600660D2F /* PBXContainerItemProxy */;
			sourceTree = BUILT_PRODUCTS_DIR;
		};
		49C8C9FA14BED6B6000E55DC /* libpeanut.a */ = {
			isa = PBXReferenceProxy;
			fileType = archive.ar;
			path = libpeanut.a;
			remoteRef = 49C8C9F914BED6B6000E55DC /* PBXContainerItemProxy */;
			sourceTree = BUILT_PRODUCTS_DIR;
		};
/* End PBXReferenceProxy section */

/* Begin PBXResourcesBuildPhase section */
		49C8C9AB14BD883E000E55DC /* Resources */ = {
			isa = PBXResourcesBuildPhase;
			buildActionMask = 2147483647;
			files = (
				49C8C9BC14BD883E000E55DC /* InfoPlist.strings in Resources */,
				49C8C9C214BD883E000E55DC /* Credits.rtf in Resources */,
				49C8C9C814BD883F000E55DC /* MainMenu.xib in Resources */,
			);
			runOnlyForDeploymentPostprocessing = 0;
		};
/* End PBXResourcesBuildPhase section */

/* Begin PBXShellScriptBuildPhase section */
		499213D814CD55EA00811769 /* ShellScript */ = {
			isa = PBXShellScriptBuildPhase;
			buildActionMask = 2147483647;
			files = (
			);
			inputPaths = (
			);
			outputPaths = (
			);
			runOnlyForDeploymentPostprocessing = 0;
			shellPath = /bin/sh;
			shellScript = "install_name_tool -change libboost_filesystem.dylib @executable_path/libboost_filesystem.dylib $BUILT_PRODUCTS_DIR/$EXECUTABLE_PATH\ninstall_name_tool -change libboost_system.dylib @executable_path/libboost_system.dylib $BUILT_PRODUCTS_DIR/$EXECUTABLE_PATH\ninstall_name_tool -change libboost_regex.dylib @executable_path/libboost_regex.dylib $BUILT_PRODUCTS_DIR/$EXECUTABLE_PATH\ninstall_name_tool -change libboost_system.dylib @executable_path/libboost_system.dylib $BUILT_PRODUCTS_DIR/$EXECUTABLE_FOLDER_PATH/libboost_filesystem.dylib\ncp -R $PROJECT_DIR/../../pnwtl/bin/schemes $BUILT_PRODUCTS_DIR/$UNLOCALIZED_RESOURCES_FOLDER_PATH";
		};
/* End PBXShellScriptBuildPhase section */

/* Begin PBXSourcesBuildPhase section */
		49C8C9A914BD883E000E55DC /* Sources */ = {
			isa = PBXSourcesBuildPhase;
			buildActionMask = 2147483647;
			files = (
				49C8C9BE14BD883E000E55DC /* main.mm in Sources */,
				49C8C9C514BD883E000E55DC /* PNAppDelegate.mm in Sources */,
			);
			runOnlyForDeploymentPostprocessing = 0;
		};
/* End PBXSourcesBuildPhase section */

/* Begin PBXVariantGroup section */
		49C8C9BA14BD883E000E55DC /* InfoPlist.strings */ = {
			isa = PBXVariantGroup;
			children = (
				49C8C9BB14BD883E000E55DC /* en */,
			);
			name = InfoPlist.strings;
			path = ../../../peanut/mac;
			sourceTree = "<group>";
		};
		49C8C9C014BD883E000E55DC /* Credits.rtf */ = {
			isa = PBXVariantGroup;
			children = (
				49C8C9C114BD883E000E55DC /* en */,
			);
			name = Credits.rtf;
			path = ../../../peanut/mac;
			sourceTree = "<group>";
		};
		49C8C9C614BD883F000E55DC /* MainMenu.xib */ = {
			isa = PBXVariantGroup;
			children = (
				49C8C9C714BD883F000E55DC /* en */,
			);
			name = MainMenu.xib;
			path = ../../../peanut/mac;
			sourceTree = "<group>";
		};
/* End PBXVariantGroup section */

/* Begin XCBuildConfiguration section */
		49C8C9C914BD883F000E55DC /* Debug */ = {
			isa = XCBuildConfiguration;
			buildSettings = {
				ALWAYS_SEARCH_USER_PATHS = NO;
				ARCHS = "$(ARCHS_STANDARD_64_BIT)";
				CLANG_ENABLE_OBJC_ARC = YES;
				COPY_PHASE_STRIP = NO;
				GCC_C_LANGUAGE_STANDARD = gnu99;
				GCC_DYNAMIC_NO_PIC = NO;
				GCC_ENABLE_OBJC_EXCEPTIONS = YES;
				GCC_OPTIMIZATION_LEVEL = 0;
				GCC_PREPROCESSOR_DEFINITIONS = (
					"DEBUG=1",
					"$(inherited)",
				);
				GCC_SYMBOLS_PRIVATE_EXTERN = NO;
				GCC_VERSION = com.apple.compilers.llvm.clang.1_0;
				GCC_WARN_64_TO_32_BIT_CONVERSION = YES;
				GCC_WARN_ABOUT_MISSING_PROTOTYPES = YES;
				GCC_WARN_ABOUT_RETURN_TYPE = YES;
				GCC_WARN_UNUSED_VARIABLE = YES;
				MACOSX_DEPLOYMENT_TARGET = 10.7;
				ONLY_ACTIVE_ARCH = YES;
				PRODUCT_NAME = Peanut;
				SDKROOT = macosx;
				SYMROOT = "$(PROJECT_DIR)/build";
			};
			name = Debug;
		};
		49C8C9CA14BD883F000E55DC /* Release */ = {
			isa = XCBuildConfiguration;
			buildSettings = {
				ALWAYS_SEARCH_USER_PATHS = NO;
				ARCHS = "$(ARCHS_STANDARD_64_BIT)";
				CLANG_ENABLE_OBJC_ARC = YES;
				COPY_PHASE_STRIP = YES;
				DEBUG_INFORMATION_FORMAT = "dwarf-with-dsym";
				GCC_C_LANGUAGE_STANDARD = gnu99;
				GCC_ENABLE_OBJC_EXCEPTIONS = YES;
				GCC_VERSION = com.apple.compilers.llvm.clang.1_0;
				GCC_WARN_64_TO_32_BIT_CONVERSION = YES;
				GCC_WARN_ABOUT_MISSING_PROTOTYPES = YES;
				GCC_WARN_ABOUT_RETURN_TYPE = YES;
				GCC_WARN_UNUSED_VARIABLE = YES;
				MACOSX_DEPLOYMENT_TARGET = 10.7;
				PRODUCT_NAME = Peanut;
				SDKROOT = macosx;
				SYMROOT = "$(PROJECT_DIR)/build";
			};
			name = Release;
		};
		49C8C9CC14BD883F000E55DC /* Debug */ = {
			isa = XCBuildConfiguration;
			buildSettings = {
				CLANG_CXX_LANGUAGE_STANDARD = "c++0x";
				CLANG_CXX_LIBRARY = "libc++";
				CLANG_ENABLE_OBJC_ARC = NO;
				GCC_PRECOMPILE_PREFIX_HEADER = YES;
				GCC_PREFIX_HEADER = "../../peanut/mac/PeanutEditor-Prefix.pch";
				GCC_PREPROCESSOR_DEFINITIONS = (
					PN_NO_CSTRING,
					"PLAT_MAC=1",
					SCI_LEXER,
					SCI_NAMESPACE,
				);
				HEADER_SEARCH_PATHS = (
					../../libpeanut/third_party/scintilla/lexlib/,
					../../libpeanut/third_party/scintilla/cocoa/,
					../../libpeanut/third_party/scintilla/include/,
					../../../lib/boost_1_48_0/,
				);
				INFOPLIST_FILE = "../../peanut/mac/PeanutEditor-Info.plist";
				LIBRARY_SEARCH_PATHS = (
					"\"$(SRCROOT)/../../../lib/boost_1_48_0/stage/lib\"",
					"\"$(SRCROOT)/../../lib/mac\"",
				);
				OTHER_LDFLAGS = "";
				PRODUCT_NAME = "$(TARGET_NAME)";
				USER_HEADER_SEARCH_PATHS = "../../libpeanut/third_party/scintilla/lexlib/ ../../libpeanut/third_party/scintilla/cocoa/ ../../libpeanut/third_party/scintilla/include/ ../../libpeanut/third_party/scintilla/src/";
				WRAPPER_EXTENSION = app;
			};
			name = Debug;
		};
		49C8C9CD14BD883F000E55DC /* Release */ = {
			isa = XCBuildConfiguration;
			buildSettings = {
				CLANG_CXX_LANGUAGE_STANDARD = "c++0x";
				CLANG_CXX_LIBRARY = "libc++";
				CLANG_ENABLE_OBJC_ARC = NO;
				GCC_PRECOMPILE_PREFIX_HEADER = YES;
				GCC_PREFIX_HEADER = "../../peanut/mac/PeanutEditor-Prefix.pch";
				GCC_PREPROCESSOR_DEFINITIONS = (
					PN_NO_CSTRING,
					"PLAT_MAC=1",
					SCI_LEXER,
					SCI_NAMESPACE,
				);
				HEADER_SEARCH_PATHS = (
					../../libpeanut/third_party/scintilla/lexlib/,
					../../libpeanut/third_party/scintilla/cocoa/,
					../../libpeanut/third_party/scintilla/include/,
					../../../lib/boost_1_48_0/,
				);
				INFOPLIST_FILE = "../../peanut/mac/PeanutEditor-Info.plist";
				LIBRARY_SEARCH_PATHS = (
					"\"$(SRCROOT)/../../../lib/boost_1_48_0/stage/lib\"",
					"\"$(SRCROOT)/../../lib/mac\"",
				);
				OTHER_LDFLAGS = "";
				PRODUCT_NAME = "$(TARGET_NAME)";
				USER_HEADER_SEARCH_PATHS = "../../libpeanut/third_party/scintilla/lexlib/ ../../libpeanut/third_party/scintilla/cocoa/ ../../libpeanut/third_party/scintilla/include/ ../../libpeanut/third_party/scintilla/src/";
				WRAPPER_EXTENSION = app;
			};
			name = Release;
		};
/* End XCBuildConfiguration section */

/* Begin XCConfigurationList section */
		49C8C9A714BD883E000E55DC /* Build configuration list for PBXProject "PeanutEditor" */ = {
			isa = XCConfigurationList;
			buildConfigurations = (
				49C8C9C914BD883F000E55DC /* Debug */,
				49C8C9CA14BD883F000E55DC /* Release */,
			);
			defaultConfigurationIsVisible = 0;
			defaultConfigurationName = Release;
		};
		49C8C9CB14BD883F000E55DC /* Build configuration list for PBXNativeTarget "PeanutEditor" */ = {
			isa = XCConfigurationList;
			buildConfigurations = (
				49C8C9CC14BD883F000E55DC /* Debug */,
				49C8C9CD14BD883F000E55DC /* Release */,
			);
			defaultConfigurationIsVisible = 0;
			defaultConfigurationName = Release;
		};
/* End XCConfigurationList section */
	};
	rootObject = 49C8C9A414BD883E000E55DC /* Project object */;
}
