// !$*UTF8*$!
{
	archiveVersion = 1;
	classes = {
	};
	objectVersion = 46;
	objects = {

/* Begin PBXBuildFile section */
		490FD8A914BCC5B300CAB54C /* dos_wildcard.cpp in Sources */ = {isa = PBXBuildFile; fileRef = 490FD8A714BCC5B300CAB54C /* dos_wildcard.cpp */; };
		490FD8AA14BCC5B300CAB54C /* dos_wildcard.h in Headers */ = {isa = PBXBuildFile; fileRef = 490FD8A814BCC5B300CAB54C /* dos_wildcard.h */; };
		49613CAE14A1108F007C0FB9 /* styles.cpp in Sources */ = {isa = PBXBuildFile; fileRef = 49613CAD14A1108F007C0FB9 /* styles.cpp */; };
		49613CB014A11190007C0FB9 /* xmlparser.cpp in Sources */ = {isa = PBXBuildFile; fileRef = 49613CAF14A11190007C0FB9 /* xmlparser.cpp */; };
		49613CB514A11248007C0FB9 /* expat.h in Headers */ = {isa = PBXBuildFile; fileRef = 49613CB314A11248007C0FB9 /* expat.h */; };
		496356FB149B3AFC000CA4DC /* allocator.h in Headers */ = {isa = PBXBuildFile; fileRef = 496356F7149B3AFC000CA4DC /* allocator.h */; };
		496356FC149B3AFC000CA4DC /* Files.cpp in Sources */ = {isa = PBXBuildFile; fileRef = 496356F8149B3AFC000CA4DC /* Files.cpp */; };
		496356FD149B3AFC000CA4DC /* Files.h in Headers */ = {isa = PBXBuildFile; fileRef = 496356F9149B3AFC000CA4DC /* Files.h */; };
		496356FE149B3AFC000CA4DC /* ifilesource.h in Headers */ = {isa = PBXBuildFile; fileRef = 496356FA149B3AFC000CA4DC /* ifilesource.h */; };
		49635701149B3B62000CA4DC /* pnextstring.h in Headers */ = {isa = PBXBuildFile; fileRef = 49635700149B3B62000CA4DC /* pnextstring.h */; };
		49635703149B3DAA000CA4DC /* stdafx.h in Headers */ = {isa = PBXBuildFile; fileRef = 49635702149B3DAA000CA4DC /* stdafx.h */; };
		49635705149BD63F000CA4DC /* pn.h in Headers */ = {isa = PBXBuildFile; fileRef = 49635704149BD63F000CA4DC /* pn.h */; };
		497D9F2714B2F4BF00CF303D /* afiles.cpp in Sources */ = {isa = PBXBuildFile; fileRef = 497D9EC114B2F4BF00CF303D /* afiles.cpp */; };
		497D9F2814B2F4BF00CF303D /* afiles.h in Headers */ = {isa = PBXBuildFile; fileRef = 497D9EC214B2F4BF00CF303D /* afiles.h */; };
		497D9F2914B2F4BF00CF303D /* appsettings.cpp in Sources */ = {isa = PBXBuildFile; fileRef = 497D9EC314B2F4BF00CF303D /* appsettings.cpp */; };
		497D9F2A14B2F4BF00CF303D /* appsettings.h in Headers */ = {isa = PBXBuildFile; fileRef = 497D9EC414B2F4BF00CF303D /* appsettings.h */; };
		497D9F2B14B2F4BF00CF303D /* autocomplete.cpp in Sources */ = {isa = PBXBuildFile; fileRef = 497D9EC514B2F4BF00CF303D /* autocomplete.cpp */; };
		497D9F2C14B2F4BF00CF303D /* autocomplete.h in Headers */ = {isa = PBXBuildFile; fileRef = 497D9EC614B2F4BF00CF303D /* autocomplete.h */; };
		497D9F2D14B2F4BF00CF303D /* autocompletehandler.h in Headers */ = {isa = PBXBuildFile; fileRef = 497D9EC714B2F4BF00CF303D /* autocompletehandler.h */; };
		497D9F2E14B2F4BF00CF303D /* autocompletemanager.cpp in Sources */ = {isa = PBXBuildFile; fileRef = 497D9EC814B2F4BF00CF303D /* autocompletemanager.cpp */; };
		497D9F2F14B2F4BF00CF303D /* autocompletemanager.h in Headers */ = {isa = PBXBuildFile; fileRef = 497D9EC914B2F4BF00CF303D /* autocompletemanager.h */; };
		497D9F3514B2F4BF00CF303D /* commands.cpp in Sources */ = {isa = PBXBuildFile; fileRef = 497D9F2514B2F4BF00CF303D /* commands.cpp */; };
		497D9F3614B2F4BF00CF303D /* commands.h in Headers */ = {isa = PBXBuildFile; fileRef = 497D9F2614B2F4BF00CF303D /* commands.h */; };
		497D9F3B14B2F69A00CF303D /* Document.cpp in Sources */ = {isa = PBXBuildFile; fileRef = 497D9F3714B2F69A00CF303D /* Document.cpp */; };
		497D9F3C14B2F69A00CF303D /* Document.h in Headers */ = {isa = PBXBuildFile; fileRef = 497D9F3814B2F69A00CF303D /* Document.h */; };
		497D9F3D14B2F69A00CF303D /* editorcommands.cpp in Sources */ = {isa = PBXBuildFile; fileRef = 497D9F3914B2F69A00CF303D /* editorcommands.cpp */; };
		497D9F3E14B2F69A00CF303D /* editorcommands.h in Headers */ = {isa = PBXBuildFile; fileRef = 497D9F3A14B2F69A00CF303D /* editorcommands.h */; };
		497D9F4314B2F6BB00CF303D /* exporters.cpp in Sources */ = {isa = PBXBuildFile; fileRef = 497D9F3F14B2F6BB00CF303D /* exporters.cpp */; };
		497D9F4414B2F6BB00CF303D /* exporters.h in Headers */ = {isa = PBXBuildFile; fileRef = 497D9F4014B2F6BB00CF303D /* exporters.h */; };
		497D9F4514B2F6BB00CF303D /* extapp.cpp in Sources */ = {isa = PBXBuildFile; fileRef = 497D9F4114B2F6BB00CF303D /* extapp.cpp */; };
		497D9F4614B2F6BB00CF303D /* extapp.h in Headers */ = {isa = PBXBuildFile; fileRef = 497D9F4214B2F6BB00CF303D /* extapp.h */; };
		4996F2F614ACB9C1005F0BA2 /* SchemeCompiler.cpp in Sources */ = {isa = PBXBuildFile; fileRef = 4996F2F014ACB9C1005F0BA2 /* SchemeCompiler.cpp */; };
		4996F2F714ACB9C1005F0BA2 /* SchemeCompiler.h in Headers */ = {isa = PBXBuildFile; fileRef = 4996F2F114ACB9C1005F0BA2 /* SchemeCompiler.h */; };
		4996F2F814ACB9C1005F0BA2 /* SchemeConfig.cpp in Sources */ = {isa = PBXBuildFile; fileRef = 4996F2F214ACB9C1005F0BA2 /* SchemeConfig.cpp */; };
		4996F2F914ACB9C1005F0BA2 /* SchemeConfig.h in Headers */ = {isa = PBXBuildFile; fileRef = 4996F2F314ACB9C1005F0BA2 /* SchemeConfig.h */; };
		4996F2FA14ACB9C1005F0BA2 /* SchemeManager.cpp in Sources */ = {isa = PBXBuildFile; fileRef = 4996F2F414ACB9C1005F0BA2 /* SchemeManager.cpp */; };
		4996F2FB14ACB9C1005F0BA2 /* schememanager.h in Headers */ = {isa = PBXBuildFile; fileRef = 4996F2F514ACB9C1005F0BA2 /* schememanager.h */; };
		4996F30514ACBAA7005F0BA2 /* filefinder.h in Headers */ = {isa = PBXBuildFile; fileRef = 4996F30314ACBAA7005F0BA2 /* filefinder.h */; };
		4996F30614ACBAA7005F0BA2 /* filematcher.h in Headers */ = {isa = PBXBuildFile; fileRef = 4996F30414ACBAA7005F0BA2 /* filematcher.h */; };
		4996F30A14AD272A005F0BA2 /* boostfilefinder.cpp in Sources */ = {isa = PBXBuildFile; fileRef = 4996F30914AD272A005F0BA2 /* boostfilefinder.cpp */; };
		4996FBDC14AF3660005F0BA2 /* encoding.h in Headers */ = {isa = PBXBuildFile; fileRef = 4996FBDB14AF3660005F0BA2 /* encoding.h */; };
		49AE775C14B3807200769006 /* usersettingswriter.h in Headers */ = {isa = PBXBuildFile; fileRef = 49AE775B14B3807200769006 /* usersettingswriter.h */; };
		49DC581B14B5001D0077859F /* ieditor.h in Headers */ = {isa = PBXBuildFile; fileRef = 49DC581A14B5001D0077859F /* ieditor.h */; };
		49DC582214B59AEF0077859F /* filename.cpp in Sources */ = {isa = PBXBuildFile; fileRef = 49DC582014B59AEF0077859F /* filename.cpp */; };
		49DC582314B59AEF0077859F /* filename.h in Headers */ = {isa = PBXBuildFile; fileRef = 49DC582114B59AEF0077859F /* filename.h */; };
		49DC582714B6E1B60077859F /* charProps.c in Sources */ = {isa = PBXBuildFile; fileRef = 49DC582514B6E1B60077859F /* charProps.c */; };
		49DC582814B6E1B60077859F /* genx.c in Sources */ = {isa = PBXBuildFile; fileRef = 49DC582614B6E1B60077859F /* genx.c */; };
		49DC582A14B6E1C30077859F /* genx.h in Headers */ = {isa = PBXBuildFile; fileRef = 49DC582914B6E1C30077859F /* genx.h */; };
		49DC583314B6E27A0077859F /* ScintillaImpl.cpp in Sources */ = {isa = PBXBuildFile; fileRef = 49DC582B14B6E2790077859F /* ScintillaImpl.cpp */; };
		49DC583414B6E27A0077859F /* ScintillaImpl.h in Headers */ = {isa = PBXBuildFile; fileRef = 49DC582C14B6E2790077859F /* ScintillaImpl.h */; };
		49DC583514B6E27A0077859F /* searchoptions.h in Headers */ = {isa = PBXBuildFile; fileRef = 49DC582D14B6E2790077859F /* searchoptions.h */; };
		49DC583614B6E27A0077859F /* smartstart.cpp in Sources */ = {isa = PBXBuildFile; fileRef = 49DC582E14B6E2790077859F /* smartstart.cpp */; };
		49DC583714B6E27A0077859F /* smartstart.h in Headers */ = {isa = PBXBuildFile; fileRef = 49DC582F14B6E27A0077859F /* smartstart.h */; };
		49DC583814B6E27A0077859F /* styles.h in Headers */ = {isa = PBXBuildFile; fileRef = 49DC583014B6E27A0077859F /* styles.h */; };
		49DC583914B6E27A0077859F /* StylesUserSettings.cpp in Sources */ = {isa = PBXBuildFile; fileRef = 49DC583114B6E27A0077859F /* StylesUserSettings.cpp */; };
		49DC583A14B6E27A0077859F /* xmlparser.h in Headers */ = {isa = PBXBuildFile; fileRef = 49DC583214B6E27A0077859F /* xmlparser.h */; };
		49DC583C14B6EB440077859F /* platform.cpp in Sources */ = {isa = PBXBuildFile; fileRef = 49DC583B14B6EB440077859F /* platform.cpp */; };
		49DC583F14B7883D0077859F /* ScriptRegistry.cpp in Sources */ = {isa = PBXBuildFile; fileRef = 49DC583D14B7883B0077859F /* ScriptRegistry.cpp */; };
		49DC584014B7883D0077859F /* scriptregistry.h in Headers */ = {isa = PBXBuildFile; fileRef = 49DC583E14B7883C0077859F /* scriptregistry.h */; };
		49DC584B14B788A80077859F /* extiface.h in Headers */ = {isa = PBXBuildFile; fileRef = 49DC584214B7889C0077859F /* extiface.h */; };
		49DC584C14B788A80077859F /* IOptions.h in Headers */ = {isa = PBXBuildFile; fileRef = 49DC584314B7889C0077859F /* IOptions.h */; };
		49DC584D14B788A80077859F /* jumpto.cpp in Sources */ = {isa = PBXBuildFile; fileRef = 49DC584414B7889D0077859F /* jumpto.cpp */; };
		49DC584E14B788A80077859F /* jumpto.h in Headers */ = {isa = PBXBuildFile; fileRef = 49DC584514B7889F0077859F /* jumpto.h */; };
		49DC584F14B788A80077859F /* jumptointerface.h in Headers */ = {isa = PBXBuildFile; fileRef = 49DC584614B788A00077859F /* jumptointerface.h */; };
		49DC585014B788A80077859F /* OptionsManager.cpp in Sources */ = {isa = PBXBuildFile; fileRef = 49DC584714B788A20077859F /* OptionsManager.cpp */; };
		49DC585114B788A80077859F /* OptionsManager.h in Headers */ = {isa = PBXBuildFile; fileRef = 49DC584814B788A30077859F /* OptionsManager.h */; };
		49DC585214B788A80077859F /* OptionsXml.cpp in Sources */ = {isa = PBXBuildFile; fileRef = 49DC584914B788A50077859F /* OptionsXml.cpp */; };
		49DC585314B788A80077859F /* OptionsXml.h in Headers */ = {isa = PBXBuildFile; fileRef = 49DC584A14B788A60077859F /* OptionsXml.h */; };
		49DC585514B78BA70077859F /* filefactory.h in Headers */ = {isa = PBXBuildFile; fileRef = 49DC585414B78BA50077859F /* filefactory.h */; };
		49DC585714B78CAA0077859F /* stdiofilesource.h in Headers */ = {isa = PBXBuildFile; fileRef = 49DC585614B78CA90077859F /* stdiofilesource.h */; };
		49DC585A14BC30280077859F /* scaccessor.cpp in Sources */ = {isa = PBXBuildFile; fileRef = 49DC585814BC30250077859F /* scaccessor.cpp */; };
		49DC585B14BC30280077859F /* scaccessor.h in Headers */ = {isa = PBXBuildFile; fileRef = 49DC585914BC30270077859F /* scaccessor.h */; };
		49DC585F14BC31E90077859F /* xmlfileautocomplete.cpp in Sources */ = {isa = PBXBuildFile; fileRef = 49DC585D14BC31E60077859F /* xmlfileautocomplete.cpp */; };
		49DC586014BC31E90077859F /* xmlfileautocomplete.h in Headers */ = {isa = PBXBuildFile; fileRef = 49DC585E14BC31E70077859F /* xmlfileautocomplete.h */; };
		49DC586314BC32AB0077859F /* extension.cpp in Sources */ = {isa = PBXBuildFile; fileRef = 49DC586114BC32A70077859F /* extension.cpp */; };
		49DC586414BC32AB0077859F /* extension.h in Headers */ = {isa = PBXBuildFile; fileRef = 49DC586214BC32A90077859F /* extension.h */; };
		49DC586614BC33C60077859F /* deletionmanager.cpp in Sources */ = {isa = PBXBuildFile; fileRef = 49DC586514BC33C40077859F /* deletionmanager.cpp */; };
		49DC586A14BC34B80077859F /* libpeanut.cpp in Sources */ = {isa = PBXBuildFile; fileRef = 49DC586914BC34B60077859F /* libpeanut.cpp */; };
		49DEA844149B383B007E458E /* libpeanut.h in Headers */ = {isa = PBXBuildFile; fileRef = 49DEA843149B383B007E458E /* libpeanut.h */; };
		49F5552E149F2B9C00402DA0 /* coreinclude.h in Headers */ = {isa = PBXBuildFile; fileRef = 49F5552D149F2B9C00402DA0 /* coreinclude.h */; };
		49F55530149F2C4600402DA0 /* ScintillaIF.cpp in Sources */ = {isa = PBXBuildFile; fileRef = 49F5552F149F2C4600402DA0 /* ScintillaIF.cpp */; };
		49F55532149F2C9000402DA0 /* Scintillaif.h in Headers */ = {isa = PBXBuildFile; fileRef = 49F55531149F2C9000402DA0 /* Scintillaif.h */; };
		49F55534149F2EFA00402DA0 /* Schemes.cpp in Sources */ = {isa = PBXBuildFile; fileRef = 49F55533149F2EFA00402DA0 /* Schemes.cpp */; };
		49F55536149F2F4600402DA0 /* Schemes.h in Headers */ = {isa = PBXBuildFile; fileRef = 49F55535149F2F4600402DA0 /* Schemes.h */; };
/* End PBXBuildFile section */

/* Begin PBXFileReference section */
		490FD8A714BCC5B300CAB54C /* dos_wildcard.cpp */ = {isa = PBXFileReference; fileEncoding = 4; lastKnownFileType = sourcecode.cpp.cpp; name = dos_wildcard.cpp; path = io/dos_wildcard.cpp; sourceTree = "<group>"; };
		490FD8A814BCC5B300CAB54C /* dos_wildcard.h */ = {isa = PBXFileReference; fileEncoding = 4; lastKnownFileType = sourcecode.c.h; name = dos_wildcard.h; path = io/dos_wildcard.h; sourceTree = "<group>"; };
		49613CAD14A1108F007C0FB9 /* styles.cpp */ = {isa = PBXFileReference; fileEncoding = 4; lastKnownFileType = sourcecode.cpp.cpp; name = styles.cpp; path = ../../pnwtl/styles.cpp; sourceTree = "<group>"; };
		49613CAF14A11190007C0FB9 /* xmlparser.cpp */ = {isa = PBXFileReference; fileEncoding = 4; lastKnownFileType = sourcecode.cpp.cpp; name = xmlparser.cpp; path = ../../pnwtl/xmlparser.cpp; sourceTree = "<group>"; };
		49613CB314A11248007C0FB9 /* expat.h */ = {isa = PBXFileReference; fileEncoding = 4; lastKnownFileType = sourcecode.c.h; name = expat.h; path = ../../pnwtl/third_party/expat/lib/expat.h; sourceTree = "<group>"; };
		496356F7149B3AFC000CA4DC /* allocator.h */ = {isa = PBXFileReference; fileEncoding = 4; lastKnownFileType = sourcecode.c.h; name = allocator.h; path = ../../pnwtl/allocator.h; sourceTree = "<group>"; };
		496356F8149B3AFC000CA4DC /* Files.cpp */ = {isa = PBXFileReference; fileEncoding = 4; lastKnownFileType = sourcecode.cpp.cpp; name = Files.cpp; path = ../../pnwtl/Files.cpp; sourceTree = "<group>"; };
		496356F9149B3AFC000CA4DC /* Files.h */ = {isa = PBXFileReference; fileEncoding = 4; lastKnownFileType = sourcecode.c.h; name = Files.h; path = ../../pnwtl/Files.h; sourceTree = "<group>"; };
		496356FA149B3AFC000CA4DC /* ifilesource.h */ = {isa = PBXFileReference; fileEncoding = 4; lastKnownFileType = sourcecode.c.h; name = ifilesource.h; path = ../../pnwtl/ifilesource.h; sourceTree = "<group>"; };
		49635700149B3B62000CA4DC /* pnextstring.h */ = {isa = PBXFileReference; fileEncoding = 4; lastKnownFileType = sourcecode.c.h; name = pnextstring.h; path = ../../pnwtl/pnextstring.h; sourceTree = "<group>"; };
		49635702149B3DAA000CA4DC /* stdafx.h */ = {isa = PBXFileReference; fileEncoding = 4; lastKnownFileType = sourcecode.c.h; name = stdafx.h; path = ../../pnwtl/stdafx.h; sourceTree = "<group>"; };
		49635704149BD63F000CA4DC /* pn.h */ = {isa = PBXFileReference; fileEncoding = 4; lastKnownFileType = sourcecode.c.h; name = pn.h; path = ../../pnwtl/pn.h; sourceTree = "<group>"; };
		497D9EC114B2F4BF00CF303D /* afiles.cpp */ = {isa = PBXFileReference; fileEncoding = 4; lastKnownFileType = sourcecode.cpp.cpp; name = afiles.cpp; path = ../../pnwtl/afiles.cpp; sourceTree = "<group>"; };
		497D9EC214B2F4BF00CF303D /* afiles.h */ = {isa = PBXFileReference; fileEncoding = 4; lastKnownFileType = sourcecode.c.h; name = afiles.h; path = ../../pnwtl/afiles.h; sourceTree = "<group>"; };
		497D9EC314B2F4BF00CF303D /* appsettings.cpp */ = {isa = PBXFileReference; fileEncoding = 4; lastKnownFileType = sourcecode.cpp.cpp; name = appsettings.cpp; path = ../../pnwtl/appsettings.cpp; sourceTree = "<group>"; };
		497D9EC414B2F4BF00CF303D /* appsettings.h */ = {isa = PBXFileReference; fileEncoding = 4; lastKnownFileType = sourcecode.c.h; name = appsettings.h; path = ../../pnwtl/appsettings.h; sourceTree = "<group>"; };
		497D9EC514B2F4BF00CF303D /* autocomplete.cpp */ = {isa = PBXFileReference; fileEncoding = 4; lastKnownFileType = sourcecode.cpp.cpp; name = autocomplete.cpp; path = ../../pnwtl/autocomplete.cpp; sourceTree = "<group>"; };
		497D9EC614B2F4BF00CF303D /* autocomplete.h */ = {isa = PBXFileReference; fileEncoding = 4; lastKnownFileType = sourcecode.c.h; name = autocomplete.h; path = ../../pnwtl/autocomplete.h; sourceTree = "<group>"; };
		497D9EC714B2F4BF00CF303D /* autocompletehandler.h */ = {isa = PBXFileReference; fileEncoding = 4; lastKnownFileType = sourcecode.c.h; name = autocompletehandler.h; path = ../../pnwtl/autocompletehandler.h; sourceTree = "<group>"; };
		497D9EC814B2F4BF00CF303D /* autocompletemanager.cpp */ = {isa = PBXFileReference; fileEncoding = 4; lastKnownFileType = sourcecode.cpp.cpp; name = autocompletemanager.cpp; path = ../../pnwtl/autocompletemanager.cpp; sourceTree = "<group>"; };
		497D9EC914B2F4BF00CF303D /* autocompletemanager.h */ = {isa = PBXFileReference; fileEncoding = 4; lastKnownFileType = sourcecode.c.h; name = autocompletemanager.h; path = ../../pnwtl/autocompletemanager.h; sourceTree = "<group>"; };
		497D9F2514B2F4BF00CF303D /* commands.cpp */ = {isa = PBXFileReference; fileEncoding = 4; lastKnownFileType = sourcecode.cpp.cpp; name = commands.cpp; path = ../../pnwtl/commands.cpp; sourceTree = "<group>"; };
		497D9F2614B2F4BF00CF303D /* commands.h */ = {isa = PBXFileReference; fileEncoding = 4; lastKnownFileType = sourcecode.c.h; name = commands.h; path = ../../pnwtl/commands.h; sourceTree = "<group>"; };
		497D9F3714B2F69A00CF303D /* Document.cpp */ = {isa = PBXFileReference; fileEncoding = 4; lastKnownFileType = sourcecode.cpp.cpp; name = Document.cpp; path = ../../pnwtl/Document.cpp; sourceTree = "<group>"; };
		497D9F3814B2F69A00CF303D /* Document.h */ = {isa = PBXFileReference; fileEncoding = 4; lastKnownFileType = sourcecode.c.h; name = Document.h; path = ../../pnwtl/Document.h; sourceTree = "<group>"; };
		497D9F3914B2F69A00CF303D /* editorcommands.cpp */ = {isa = PBXFileReference; fileEncoding = 4; lastKnownFileType = sourcecode.cpp.cpp; name = editorcommands.cpp; path = ../../pnwtl/editorcommands.cpp; sourceTree = "<group>"; };
		497D9F3A14B2F69A00CF303D /* editorcommands.h */ = {isa = PBXFileReference; fileEncoding = 4; lastKnownFileType = sourcecode.c.h; name = editorcommands.h; path = ../../pnwtl/editorcommands.h; sourceTree = "<group>"; };
		497D9F3F14B2F6BB00CF303D /* exporters.cpp */ = {isa = PBXFileReference; fileEncoding = 4; lastKnownFileType = sourcecode.cpp.cpp; name = exporters.cpp; path = ../../pnwtl/exporters.cpp; sourceTree = "<group>"; };
		497D9F4014B2F6BB00CF303D /* exporters.h */ = {isa = PBXFileReference; fileEncoding = 4; lastKnownFileType = sourcecode.c.h; name = exporters.h; path = ../../pnwtl/exporters.h; sourceTree = "<group>"; };
		497D9F4114B2F6BB00CF303D /* extapp.cpp */ = {isa = PBXFileReference; fileEncoding = 4; lastKnownFileType = sourcecode.cpp.cpp; name = extapp.cpp; path = ../../pnwtl/extapp.cpp; sourceTree = "<group>"; };
		497D9F4214B2F6BB00CF303D /* extapp.h */ = {isa = PBXFileReference; fileEncoding = 4; lastKnownFileType = sourcecode.c.h; name = extapp.h; path = ../../pnwtl/extapp.h; sourceTree = "<group>"; };
		4996F2F014ACB9C1005F0BA2 /* SchemeCompiler.cpp */ = {isa = PBXFileReference; fileEncoding = 4; lastKnownFileType = sourcecode.cpp.cpp; name = SchemeCompiler.cpp; path = ../../pnwtl/SchemeCompiler.cpp; sourceTree = "<group>"; };
		4996F2F114ACB9C1005F0BA2 /* SchemeCompiler.h */ = {isa = PBXFileReference; fileEncoding = 4; lastKnownFileType = sourcecode.c.h; name = SchemeCompiler.h; path = ../../pnwtl/SchemeCompiler.h; sourceTree = "<group>"; };
		4996F2F214ACB9C1005F0BA2 /* SchemeConfig.cpp */ = {isa = PBXFileReference; fileEncoding = 4; lastKnownFileType = sourcecode.cpp.cpp; name = SchemeConfig.cpp; path = ../../pnwtl/SchemeConfig.cpp; sourceTree = "<group>"; };
		4996F2F314ACB9C1005F0BA2 /* SchemeConfig.h */ = {isa = PBXFileReference; fileEncoding = 4; lastKnownFileType = sourcecode.c.h; name = SchemeConfig.h; path = ../../pnwtl/SchemeConfig.h; sourceTree = "<group>"; };
		4996F2F414ACB9C1005F0BA2 /* SchemeManager.cpp */ = {isa = PBXFileReference; fileEncoding = 4; lastKnownFileType = sourcecode.cpp.cpp; name = SchemeManager.cpp; path = ../../pnwtl/SchemeManager.cpp; sourceTree = "<group>"; };
		4996F2F514ACB9C1005F0BA2 /* schememanager.h */ = {isa = PBXFileReference; fileEncoding = 4; lastKnownFileType = sourcecode.c.h; name = schememanager.h; path = ../../pnwtl/schememanager.h; sourceTree = "<group>"; };
		4996F30314ACBAA7005F0BA2 /* filefinder.h */ = {isa = PBXFileReference; fileEncoding = 4; lastKnownFileType = sourcecode.c.h; name = filefinder.h; path = ../../pnwtl/include/filefinder.h; sourceTree = "<group>"; };
		4996F30414ACBAA7005F0BA2 /* filematcher.h */ = {isa = PBXFileReference; fileEncoding = 4; lastKnownFileType = sourcecode.c.h; name = filematcher.h; path = ../../pnwtl/include/filematcher.h; sourceTree = "<group>"; };
		4996F30914AD272A005F0BA2 /* boostfilefinder.cpp */ = {isa = PBXFileReference; fileEncoding = 4; lastKnownFileType = sourcecode.cpp.cpp; path = boostfilefinder.cpp; sourceTree = "<group>"; };
		4996FBDB14AF3660005F0BA2 /* encoding.h */ = {isa = PBXFileReference; fileEncoding = 4; lastKnownFileType = sourcecode.c.h; name = encoding.h; path = ../../pnwtl/include/encoding.h; sourceTree = "<group>"; };
		49AE775B14B3807200769006 /* usersettingswriter.h */ = {isa = PBXFileReference; fileEncoding = 4; lastKnownFileType = sourcecode.c.h; name = usersettingswriter.h; path = ../../pnwtl/usersettingswriter.h; sourceTree = "<group>"; };
		49DC581A14B5001D0077859F /* ieditor.h */ = {isa = PBXFileReference; fileEncoding = 4; lastKnownFileType = sourcecode.c.h; path = ieditor.h; sourceTree = "<group>"; };
		49DC582014B59AEF0077859F /* filename.cpp */ = {isa = PBXFileReference; fileEncoding = 4; lastKnownFileType = sourcecode.cpp.cpp; name = filename.cpp; path = ../../pnwtl/filename.cpp; sourceTree = "<group>"; };
		49DC582114B59AEF0077859F /* filename.h */ = {isa = PBXFileReference; fileEncoding = 4; lastKnownFileType = sourcecode.c.h; name = filename.h; path = ../../pnwtl/filename.h; sourceTree = "<group>"; };
		49DC582514B6E1B60077859F /* charProps.c */ = {isa = PBXFileReference; fileEncoding = 4; lastKnownFileType = sourcecode.c.c; name = charProps.c; path = ../../pnwtl/third_party/genx/charProps.c; sourceTree = "<group>"; };
		49DC582614B6E1B60077859F /* genx.c */ = {isa = PBXFileReference; fileEncoding = 4; lastKnownFileType = sourcecode.c.c; name = genx.c; path = ../../pnwtl/third_party/genx/genx.c; sourceTree = "<group>"; };
		49DC582914B6E1C30077859F /* genx.h */ = {isa = PBXFileReference; fileEncoding = 4; lastKnownFileType = sourcecode.c.h; name = genx.h; path = ../../pnwtl/third_party/genx/genx.h; sourceTree = "<group>"; };
		49DC582B14B6E2790077859F /* ScintillaImpl.cpp */ = {isa = PBXFileReference; fileEncoding = 4; lastKnownFileType = sourcecode.cpp.cpp; name = ScintillaImpl.cpp; path = ../../pnwtl/ScintillaImpl.cpp; sourceTree = "<group>"; };
		49DC582C14B6E2790077859F /* ScintillaImpl.h */ = {isa = PBXFileReference; fileEncoding = 4; lastKnownFileType = sourcecode.c.h; name = ScintillaImpl.h; path = ../../pnwtl/ScintillaImpl.h; sourceTree = "<group>"; };
		49DC582D14B6E2790077859F /* searchoptions.h */ = {isa = PBXFileReference; fileEncoding = 4; lastKnownFileType = sourcecode.c.h; name = searchoptions.h; path = ../../pnwtl/searchoptions.h; sourceTree = "<group>"; };
		49DC582E14B6E2790077859F /* smartstart.cpp */ = {isa = PBXFileReference; fileEncoding = 4; lastKnownFileType = sourcecode.cpp.cpp; name = smartstart.cpp; path = ../../pnwtl/smartstart.cpp; sourceTree = "<group>"; };
		49DC582F14B6E27A0077859F /* smartstart.h */ = {isa = PBXFileReference; fileEncoding = 4; lastKnownFileType = sourcecode.c.h; name = smartstart.h; path = ../../pnwtl/smartstart.h; sourceTree = "<group>"; };
		49DC583014B6E27A0077859F /* styles.h */ = {isa = PBXFileReference; fileEncoding = 4; lastKnownFileType = sourcecode.c.h; name = styles.h; path = ../../pnwtl/styles.h; sourceTree = "<group>"; };
		49DC583114B6E27A0077859F /* StylesUserSettings.cpp */ = {isa = PBXFileReference; fileEncoding = 4; lastKnownFileType = sourcecode.cpp.cpp; name = StylesUserSettings.cpp; path = ../../pnwtl/StylesUserSettings.cpp; sourceTree = "<group>"; };
		49DC583214B6E27A0077859F /* xmlparser.h */ = {isa = PBXFileReference; fileEncoding = 4; lastKnownFileType = sourcecode.c.h; name = xmlparser.h; path = ../../pnwtl/xmlparser.h; sourceTree = "<group>"; };
		49DC583B14B6EB440077859F /* platform.cpp */ = {isa = PBXFileReference; fileEncoding = 4; lastKnownFileType = sourcecode.cpp.cpp; name = platform.cpp; path = mac/core/platform.cpp; sourceTree = "<group>"; };
		49DC583D14B7883B0077859F /* ScriptRegistry.cpp */ = {isa = PBXFileReference; fileEncoding = 4; lastKnownFileType = sourcecode.cpp.cpp; name = ScriptRegistry.cpp; path = ../../pnwtl/ScriptRegistry.cpp; sourceTree = "<group>"; };
		49DC583E14B7883C0077859F /* scriptregistry.h */ = {isa = PBXFileReference; fileEncoding = 4; lastKnownFileType = sourcecode.c.h; name = scriptregistry.h; path = ../../pnwtl/scriptregistry.h; sourceTree = "<group>"; };
		49DC584214B7889C0077859F /* extiface.h */ = {isa = PBXFileReference; fileEncoding = 4; lastKnownFileType = sourcecode.c.h; name = extiface.h; path = ../../pnwtl/extiface.h; sourceTree = "<group>"; };
		49DC584314B7889C0077859F /* IOptions.h */ = {isa = PBXFileReference; fileEncoding = 4; lastKnownFileType = sourcecode.c.h; name = IOptions.h; path = ../../pnwtl/IOptions.h; sourceTree = "<group>"; };
		49DC584414B7889D0077859F /* jumpto.cpp */ = {isa = PBXFileReference; fileEncoding = 4; lastKnownFileType = sourcecode.cpp.cpp; name = jumpto.cpp; path = ../../pnwtl/jumpto.cpp; sourceTree = "<group>"; };
		49DC584514B7889F0077859F /* jumpto.h */ = {isa = PBXFileReference; fileEncoding = 4; lastKnownFileType = sourcecode.c.h; name = jumpto.h; path = ../../pnwtl/jumpto.h; sourceTree = "<group>"; };
		49DC584614B788A00077859F /* jumptointerface.h */ = {isa = PBXFileReference; fileEncoding = 4; lastKnownFileType = sourcecode.c.h; name = jumptointerface.h; path = ../../pnwtl/jumptointerface.h; sourceTree = "<group>"; };
		49DC584714B788A20077859F /* OptionsManager.cpp */ = {isa = PBXFileReference; fileEncoding = 4; lastKnownFileType = sourcecode.cpp.cpp; name = OptionsManager.cpp; path = ../../pnwtl/OptionsManager.cpp; sourceTree = "<group>"; };
		49DC584814B788A30077859F /* OptionsManager.h */ = {isa = PBXFileReference; fileEncoding = 4; lastKnownFileType = sourcecode.c.h; name = OptionsManager.h; path = ../../pnwtl/OptionsManager.h; sourceTree = "<group>"; };
		49DC584914B788A50077859F /* OptionsXml.cpp */ = {isa = PBXFileReference; fileEncoding = 4; lastKnownFileType = sourcecode.cpp.cpp; name = OptionsXml.cpp; path = ../../pnwtl/OptionsXml.cpp; sourceTree = "<group>"; };
		49DC584A14B788A60077859F /* OptionsXml.h */ = {isa = PBXFileReference; fileEncoding = 4; lastKnownFileType = sourcecode.c.h; name = OptionsXml.h; path = ../../pnwtl/OptionsXml.h; sourceTree = "<group>"; };
		49DC585414B78BA50077859F /* filefactory.h */ = {isa = PBXFileReference; fileEncoding = 4; lastKnownFileType = sourcecode.c.h; path = filefactory.h; sourceTree = "<group>"; };
		49DC585614B78CA90077859F /* stdiofilesource.h */ = {isa = PBXFileReference; fileEncoding = 4; lastKnownFileType = sourcecode.c.h; name = stdiofilesource.h; path = io/stdiofilesource.h; sourceTree = "<group>"; };
		49DC585814BC30250077859F /* scaccessor.cpp */ = {isa = PBXFileReference; fileEncoding = 4; lastKnownFileType = sourcecode.cpp.cpp; name = scaccessor.cpp; path = ../../pnwtl/scaccessor.cpp; sourceTree = "<group>"; };
		49DC585914BC30270077859F /* scaccessor.h */ = {isa = PBXFileReference; fileEncoding = 4; lastKnownFileType = sourcecode.c.h; name = scaccessor.h; path = ../../pnwtl/scaccessor.h; sourceTree = "<group>"; };
		49DC585D14BC31E60077859F /* xmlfileautocomplete.cpp */ = {isa = PBXFileReference; fileEncoding = 4; lastKnownFileType = sourcecode.cpp.cpp; name = xmlfileautocomplete.cpp; path = ../../pnwtl/xmlfileautocomplete.cpp; sourceTree = "<group>"; };
		49DC585E14BC31E70077859F /* xmlfileautocomplete.h */ = {isa = PBXFileReference; fileEncoding = 4; lastKnownFileType = sourcecode.c.h; name = xmlfileautocomplete.h; path = ../../pnwtl/xmlfileautocomplete.h; sourceTree = "<group>"; };
		49DC586114BC32A70077859F /* extension.cpp */ = {isa = PBXFileReference; fileEncoding = 4; lastKnownFileType = sourcecode.cpp.cpp; name = extension.cpp; path = ../../pnwtl/extension.cpp; sourceTree = "<group>"; };
		49DC586214BC32A90077859F /* extension.h */ = {isa = PBXFileReference; fileEncoding = 4; lastKnownFileType = sourcecode.c.h; name = extension.h; path = ../../pnwtl/extension.h; sourceTree = "<group>"; };
		49DC586514BC33C40077859F /* deletionmanager.cpp */ = {isa = PBXFileReference; fileEncoding = 4; lastKnownFileType = sourcecode.cpp.cpp; path = deletionmanager.cpp; sourceTree = "<group>"; };
		49DC586914BC34B60077859F /* libpeanut.cpp */ = {isa = PBXFileReference; fileEncoding = 4; lastKnownFileType = sourcecode.cpp.cpp; path = libpeanut.cpp; sourceTree = "<group>"; };
		49DEA83C149B383B007E458E /* libpeanut.dylib */ = {isa = PBXFileReference; explicitFileType = "compiled.mach-o.dylib"; includeInIndex = 0; path = libpeanut.dylib; sourceTree = BUILT_PRODUCTS_DIR; };
		49DEA840149B383B007E458E /* libpeanut-Prefix.pch */ = {isa = PBXFileReference; lastKnownFileType = sourcecode.c.h; path = "libpeanut-Prefix.pch"; sourceTree = "<group>"; };
		49DEA841149B383B007E458E /* libpeanutProj.xcconfig */ = {isa = PBXFileReference; lastKnownFileType = text.xcconfig; path = libpeanutProj.xcconfig; sourceTree = "<group>"; };
		49DEA842149B383B007E458E /* libpeanutTarget.xcconfig */ = {isa = PBXFileReference; lastKnownFileType = text.xcconfig; path = libpeanutTarget.xcconfig; sourceTree = "<group>"; };
		49DEA843149B383B007E458E /* libpeanut.h */ = {isa = PBXFileReference; lastKnownFileType = sourcecode.c.h; path = libpeanut.h; sourceTree = "<group>"; };
		49DEA845149B383B007E458E /* libpeanutPriv.h */ = {isa = PBXFileReference; lastKnownFileType = sourcecode.c.h; path = libpeanutPriv.h; sourceTree = "<group>"; };
		49F5552D149F2B9C00402DA0 /* coreinclude.h */ = {isa = PBXFileReference; fileEncoding = 4; lastKnownFileType = sourcecode.c.h; name = coreinclude.h; path = mac/core/coreinclude.h; sourceTree = "<group>"; };
		49F5552F149F2C4600402DA0 /* ScintillaIF.cpp */ = {isa = PBXFileReference; fileEncoding = 4; lastKnownFileType = sourcecode.cpp.cpp; name = ScintillaIF.cpp; path = ../../pnwtl/ScintillaIF.cpp; sourceTree = "<group>"; };
		49F55531149F2C9000402DA0 /* Scintillaif.h */ = {isa = PBXFileReference; fileEncoding = 4; lastKnownFileType = sourcecode.c.h; name = Scintillaif.h; path = ../../pnwtl/Scintillaif.h; sourceTree = "<group>"; };
		49F55533149F2EFA00402DA0 /* Schemes.cpp */ = {isa = PBXFileReference; fileEncoding = 4; lastKnownFileType = sourcecode.cpp.cpp; name = Schemes.cpp; path = ../../pnwtl/Schemes.cpp; sourceTree = "<group>"; };
		49F55535149F2F4600402DA0 /* Schemes.h */ = {isa = PBXFileReference; fileEncoding = 4; lastKnownFileType = sourcecode.c.h; name = Schemes.h; path = ../../pnwtl/Schemes.h; sourceTree = "<group>"; };
/* End PBXFileReference section */

/* Begin PBXFrameworksBuildPhase section */
		49DEA839149B383B007E458E /* Frameworks */ = {
			isa = PBXFrameworksBuildPhase;
			buildActionMask = 2147483647;
			files = (
			);
			runOnlyForDeploymentPostprocessing = 0;
		};
/* End PBXFrameworksBuildPhase section */

/* Begin PBXGroup section */
		49613CB114A11212007C0FB9 /* third_party */ = {
			isa = PBXGroup;
			children = (
				49DC582414B6E18D0077859F /* genx */,
				49613CB214A1121A007C0FB9 /* expat */,
			);
			name = third_party;
			sourceTree = "<group>";
		};
		49613CB214A1121A007C0FB9 /* expat */ = {
			isa = PBXGroup;
			children = (
				49613CB314A11248007C0FB9 /* expat.h */,
			);
			name = expat;
			sourceTree = "<group>";
		};
		4996F2FC14ACB9CE005F0BA2 /* schemes */ = {
			isa = PBXGroup;
			children = (
				49AE775B14B3807200769006 /* usersettingswriter.h */,
				49DC583014B6E27A0077859F /* styles.h */,
				49DC583114B6E27A0077859F /* StylesUserSettings.cpp */,
				49613CAD14A1108F007C0FB9 /* styles.cpp */,
				49F55535149F2F4600402DA0 /* Schemes.h */,
				49F55533149F2EFA00402DA0 /* Schemes.cpp */,
				4996F2F014ACB9C1005F0BA2 /* SchemeCompiler.cpp */,
				4996F2F114ACB9C1005F0BA2 /* SchemeCompiler.h */,
				4996F2F214ACB9C1005F0BA2 /* SchemeConfig.cpp */,
				4996F2F314ACB9C1005F0BA2 /* SchemeConfig.h */,
				4996F2F414ACB9C1005F0BA2 /* SchemeManager.cpp */,
				4996F2F514ACB9C1005F0BA2 /* schememanager.h */,
			);
			name = schemes;
			sourceTree = "<group>";
		};
		4996F2FD14ACBA6E005F0BA2 /* utilities */ = {
			isa = PBXGroup;
			children = (
				4996FBDB14AF3660005F0BA2 /* encoding.h */,
			);
			name = utilities;
			sourceTree = "<group>";
		};
		49DC581D14B597870077859F /* exporters */ = {
			isa = PBXGroup;
			children = (
				497D9F3F14B2F6BB00CF303D /* exporters.cpp */,
				497D9F4014B2F6BB00CF303D /* exporters.h */,
			);
			name = exporters;
			sourceTree = "<group>";
		};
		49DC582414B6E18D0077859F /* genx */ = {
			isa = PBXGroup;
			children = (
				49DC582914B6E1C30077859F /* genx.h */,
				49DC582514B6E1B60077859F /* charProps.c */,
				49DC582614B6E1B60077859F /* genx.c */,
			);
			name = genx;
			sourceTree = "<group>";
		};
		49DC584114B788450077859F /* scripts */ = {
			isa = PBXGroup;
			children = (
				49DC583D14B7883B0077859F /* ScriptRegistry.cpp */,
				49DC583E14B7883C0077859F /* scriptregistry.h */,
			);
			name = scripts;
			sourceTree = "<group>";
		};
		49DC585C14BC302C0077859F /* scintilla */ = {
			isa = PBXGroup;
			children = (
				49F5552F149F2C4600402DA0 /* ScintillaIF.cpp */,
				49F55531149F2C9000402DA0 /* Scintillaif.h */,
				49DC582B14B6E2790077859F /* ScintillaImpl.cpp */,
				49DC582C14B6E2790077859F /* ScintillaImpl.h */,
				49DC585814BC30250077859F /* scaccessor.cpp */,
				49DC585914BC30270077859F /* scaccessor.h */,
			);
			name = scintilla;
			sourceTree = "<group>";
		};
		49DC586B14BC37570077859F /* io */ = {
			isa = PBXGroup;
			children = (
				4996F30314ACBAA7005F0BA2 /* filefinder.h */,
				4996F30414ACBAA7005F0BA2 /* filematcher.h */,
				4996F30914AD272A005F0BA2 /* boostfilefinder.cpp */,
				490FD8A714BCC5B300CAB54C /* dos_wildcard.cpp */,
				490FD8A814BCC5B300CAB54C /* dos_wildcard.h */,
				49DC585414B78BA50077859F /* filefactory.h */,
				49DC585614B78CA90077859F /* stdiofilesource.h */,
				49DC582014B59AEF0077859F /* filename.cpp */,
				49DC582114B59AEF0077859F /* filename.h */,
				496356F8149B3AFC000CA4DC /* Files.cpp */,
				496356F9149B3AFC000CA4DC /* Files.h */,
				496356FA149B3AFC000CA4DC /* ifilesource.h */,
			);
			name = io;
			sourceTree = "<group>";
		};
		49DC586C14BC37AB0077859F /* autocomplete */ = {
			isa = PBXGroup;
			children = (
				49DC585D14BC31E60077859F /* xmlfileautocomplete.cpp */,
				49DC585E14BC31E70077859F /* xmlfileautocomplete.h */,
				497D9EC514B2F4BF00CF303D /* autocomplete.cpp */,
				497D9EC614B2F4BF00CF303D /* autocomplete.h */,
				497D9EC714B2F4BF00CF303D /* autocompletehandler.h */,
				497D9EC814B2F4BF00CF303D /* autocompletemanager.cpp */,
				497D9EC914B2F4BF00CF303D /* autocompletemanager.h */,
			);
			name = autocomplete;
			sourceTree = "<group>";
		};
		49DEA831149B383A007E458E = {
			isa = PBXGroup;
			children = (
				49DEA83E149B383B007E458E /* libpeanut */,
				49DEA83D149B383B007E458E /* Products */,
			);
			sourceTree = "<group>";
		};
		49DEA83D149B383B007E458E /* Products */ = {
			isa = PBXGroup;
			children = (
				49DEA83C149B383B007E458E /* libpeanut.dylib */,
			);
			name = Products;
			sourceTree = "<group>";
		};
		49DEA83E149B383B007E458E /* libpeanut */ = {
			isa = PBXGroup;
			children = (
				497D9EC114B2F4BF00CF303D /* afiles.cpp */,
				497D9EC314B2F4BF00CF303D /* appsettings.cpp */,
				497D9F2514B2F4BF00CF303D /* commands.cpp */,
				49DC586514BC33C40077859F /* deletionmanager.cpp */,
				497D9F3714B2F69A00CF303D /* Document.cpp */,
				497D9F3914B2F69A00CF303D /* editorcommands.cpp */,
				497D9F4114B2F6BB00CF303D /* extapp.cpp */,
				49DC586114BC32A70077859F /* extension.cpp */,
				49DC584414B7889D0077859F /* jumpto.cpp */,
				49DC586914BC34B60077859F /* libpeanut.cpp */,
				49DC584714B788A20077859F /* OptionsManager.cpp */,
				49DC584914B788A50077859F /* OptionsXml.cpp */,
				49DC582E14B6E2790077859F /* smartstart.cpp */,
				49613CAF14A11190007C0FB9 /* xmlparser.cpp */,
				497D9EC214B2F4BF00CF303D /* afiles.h */,
				496356F7149B3AFC000CA4DC /* allocator.h */,
				497D9EC414B2F4BF00CF303D /* appsettings.h */,
				497D9F2614B2F4BF00CF303D /* commands.h */,
				497D9F3814B2F69A00CF303D /* Document.h */,
				497D9F3A14B2F69A00CF303D /* editorcommands.h */,
				497D9F4214B2F6BB00CF303D /* extapp.h */,
				49DC586214BC32A90077859F /* extension.h */,
				49DC584214B7889C0077859F /* extiface.h */,
				49DC581A14B5001D0077859F /* ieditor.h */,
				49DC584314B7889C0077859F /* IOptions.h */,
				49DC584514B7889F0077859F /* jumpto.h */,
				49DC584614B788A00077859F /* jumptointerface.h */,
				49DEA843149B383B007E458E /* libpeanut.h */,
				49DEA845149B383B007E458E /* libpeanutPriv.h */,
				49DC584814B788A30077859F /* OptionsManager.h */,
				49DC584A14B788A60077859F /* OptionsXml.h */,
				49635704149BD63F000CA4DC /* pn.h */,
				49635700149B3B62000CA4DC /* pnextstring.h */,
				49DC582D14B6E2790077859F /* searchoptions.h */,
				49DC582F14B6E27A0077859F /* smartstart.h */,
				49635702149B3DAA000CA4DC /* stdafx.h */,
				49DC583214B6E27A0077859F /* xmlparser.h */,
				49DEA841149B383B007E458E /* libpeanutProj.xcconfig */,
				49DEA842149B383B007E458E /* libpeanutTarget.xcconfig */,
				49DC586C14BC37AB0077859F /* autocomplete */,
				49DC581D14B597870077859F /* exporters */,
				49DC586B14BC37570077859F /* io */,
				49F5552B149F2B7A00402DA0 /* mac */,
				4996F2FC14ACB9CE005F0BA2 /* schemes */,
				49DC585C14BC302C0077859F /* scintilla */,
				49DC584114B788450077859F /* scripts */,
				49DEA83F149B383B007E458E /* Supporting Files */,
				49613CB114A11212007C0FB9 /* third_party */,
				4996F2FD14ACBA6E005F0BA2 /* utilities */,
			);
			path = libpeanut;
			sourceTree = "<group>";
		};
		49DEA83F149B383B007E458E /* Supporting Files */ = {
			isa = PBXGroup;
			children = (
				49DEA840149B383B007E458E /* libpeanut-Prefix.pch */,
			);
			name = "Supporting Files";
			sourceTree = "<group>";
		};
		49F5552B149F2B7A00402DA0 /* mac */ = {
			isa = PBXGroup;
			children = (
				49F5552C149F2B8700402DA0 /* core */,
			);
			name = mac;
			sourceTree = "<group>";
		};
		49F5552C149F2B8700402DA0 /* core */ = {
			isa = PBXGroup;
			children = (
				49F5552D149F2B9C00402DA0 /* coreinclude.h */,
				49DC583B14B6EB440077859F /* platform.cpp */,
			);
			name = core;
			sourceTree = "<group>";
		};
/* End PBXGroup section */

/* Begin PBXHeadersBuildPhase section */
		49DEA83A149B383B007E458E /* Headers */ = {
			isa = PBXHeadersBuildPhase;
			buildActionMask = 2147483647;
			files = (
				49DEA844149B383B007E458E /* libpeanut.h in Headers */,
				496356FB149B3AFC000CA4DC /* allocator.h in Headers */,
				496356FD149B3AFC000CA4DC /* Files.h in Headers */,
				496356FE149B3AFC000CA4DC /* ifilesource.h in Headers */,
				49635701149B3B62000CA4DC /* pnextstring.h in Headers */,
				49635703149B3DAA000CA4DC /* stdafx.h in Headers */,
				49635705149BD63F000CA4DC /* pn.h in Headers */,
				49F5552E149F2B9C00402DA0 /* coreinclude.h in Headers */,
				49F55532149F2C9000402DA0 /* Scintillaif.h in Headers */,
				49F55536149F2F4600402DA0 /* Schemes.h in Headers */,
				49613CB514A11248007C0FB9 /* expat.h in Headers */,
				4996F2F714ACB9C1005F0BA2 /* SchemeCompiler.h in Headers */,
				4996F2F914ACB9C1005F0BA2 /* SchemeConfig.h in Headers */,
				4996F2FB14ACB9C1005F0BA2 /* schememanager.h in Headers */,
				4996F30514ACBAA7005F0BA2 /* filefinder.h in Headers */,
				4996F30614ACBAA7005F0BA2 /* filematcher.h in Headers */,
				4996FBDC14AF3660005F0BA2 /* encoding.h in Headers */,
				497D9F2814B2F4BF00CF303D /* afiles.h in Headers */,
				497D9F2A14B2F4BF00CF303D /* appsettings.h in Headers */,
				497D9F2C14B2F4BF00CF303D /* autocomplete.h in Headers */,
				497D9F2D14B2F4BF00CF303D /* autocompletehandler.h in Headers */,
				497D9F2F14B2F4BF00CF303D /* autocompletemanager.h in Headers */,
				497D9F3614B2F4BF00CF303D /* commands.h in Headers */,
				497D9F3C14B2F69A00CF303D /* Document.h in Headers */,
				497D9F3E14B2F69A00CF303D /* editorcommands.h in Headers */,
				497D9F4414B2F6BB00CF303D /* exporters.h in Headers */,
				497D9F4614B2F6BB00CF303D /* extapp.h in Headers */,
				49AE775C14B3807200769006 /* usersettingswriter.h in Headers */,
				49DC581B14B5001D0077859F /* ieditor.h in Headers */,
				49DC582314B59AEF0077859F /* filename.h in Headers */,
				49DC582A14B6E1C30077859F /* genx.h in Headers */,
				49DC583414B6E27A0077859F /* ScintillaImpl.h in Headers */,
				49DC583514B6E27A0077859F /* searchoptions.h in Headers */,
				49DC583714B6E27A0077859F /* smartstart.h in Headers */,
				49DC583814B6E27A0077859F /* styles.h in Headers */,
				49DC583A14B6E27A0077859F /* xmlparser.h in Headers */,
				49DC584014B7883D0077859F /* scriptregistry.h in Headers */,
				49DC584B14B788A80077859F /* extiface.h in Headers */,
				49DC584C14B788A80077859F /* IOptions.h in Headers */,
				49DC584E14B788A80077859F /* jumpto.h in Headers */,
				49DC584F14B788A80077859F /* jumptointerface.h in Headers */,
				49DC585114B788A80077859F /* OptionsManager.h in Headers */,
				49DC585314B788A80077859F /* OptionsXml.h in Headers */,
				49DC585514B78BA70077859F /* filefactory.h in Headers */,
				49DC585714B78CAA0077859F /* stdiofilesource.h in Headers */,
				49DC585B14BC30280077859F /* scaccessor.h in Headers */,
				49DC586014BC31E90077859F /* xmlfileautocomplete.h in Headers */,
				49DC586414BC32AB0077859F /* extension.h in Headers */,
				490FD8AA14BCC5B300CAB54C /* dos_wildcard.h in Headers */,
			);
			runOnlyForDeploymentPostprocessing = 0;
		};
/* End PBXHeadersBuildPhase section */

/* Begin PBXNativeTarget section */
		49DEA83B149B383B007E458E /* libpeanut */ = {
			isa = PBXNativeTarget;
			buildConfigurationList = 49DEA84A149B383B007E458E /* Build configuration list for PBXNativeTarget "libpeanut" */;
			buildPhases = (
				49DEA838149B383B007E458E /* Sources */,
				49DEA839149B383B007E458E /* Frameworks */,
				49DEA83A149B383B007E458E /* Headers */,
			);
			buildRules = (
			);
			dependencies = (
			);
			name = libpeanut;
			productName = libpeanut;
			productReference = 49DEA83C149B383B007E458E /* libpeanut.dylib */;
			productType = "com.apple.product-type.library.dynamic";
		};
/* End PBXNativeTarget section */

/* Begin PBXProject section */
		49DEA833149B383A007E458E /* Project object */ = {
			isa = PBXProject;
			attributes = {
				LastUpgradeCheck = 0420;
			};
			buildConfigurationList = 49DEA836149B383A007E458E /* Build configuration list for PBXProject "libpeanut" */;
			compatibilityVersion = "Xcode 3.2";
			developmentRegion = English;
			hasScannedForEncodings = 0;
			knownRegions = (
				en,
				English,
			);
			mainGroup = 49DEA831149B383A007E458E;
			productRefGroup = 49DEA83D149B383B007E458E /* Products */;
			projectDirPath = "";
			projectRoot = "";
			targets = (
				49DEA83B149B383B007E458E /* libpeanut */,
			);
		};
/* End PBXProject section */

/* Begin PBXSourcesBuildPhase section */
		49DEA838149B383B007E458E /* Sources */ = {
			isa = PBXSourcesBuildPhase;
			buildActionMask = 2147483647;
			files = (
				496356FC149B3AFC000CA4DC /* Files.cpp in Sources */,
				49F55530149F2C4600402DA0 /* ScintillaIF.cpp in Sources */,
				49F55534149F2EFA00402DA0 /* Schemes.cpp in Sources */,
				49613CAE14A1108F007C0FB9 /* styles.cpp in Sources */,
				49613CB014A11190007C0FB9 /* xmlparser.cpp in Sources */,
				4996F2F614ACB9C1005F0BA2 /* SchemeCompiler.cpp in Sources */,
				4996F2F814ACB9C1005F0BA2 /* SchemeConfig.cpp in Sources */,
				4996F2FA14ACB9C1005F0BA2 /* SchemeManager.cpp in Sources */,
				4996F30A14AD272A005F0BA2 /* boostfilefinder.cpp in Sources */,
				497D9F2714B2F4BF00CF303D /* afiles.cpp in Sources */,
				497D9F2914B2F4BF00CF303D /* appsettings.cpp in Sources */,
				497D9F2B14B2F4BF00CF303D /* autocomplete.cpp in Sources */,
				497D9F2E14B2F4BF00CF303D /* autocompletemanager.cpp in Sources */,
				497D9F3514B2F4BF00CF303D /* commands.cpp in Sources */,
				497D9F3B14B2F69A00CF303D /* Document.cpp in Sources */,
				497D9F3D14B2F69A00CF303D /* editorcommands.cpp in Sources */,
				497D9F4314B2F6BB00CF303D /* exporters.cpp in Sources */,
				497D9F4514B2F6BB00CF303D /* extapp.cpp in Sources */,
				49DC582214B59AEF0077859F /* filename.cpp in Sources */,
				49DC582714B6E1B60077859F /* charProps.c in Sources */,
				49DC582814B6E1B60077859F /* genx.c in Sources */,
				49DC583314B6E27A0077859F /* ScintillaImpl.cpp in Sources */,
				49DC583614B6E27A0077859F /* smartstart.cpp in Sources */,
				49DC583914B6E27A0077859F /* StylesUserSettings.cpp in Sources */,
				49DC583C14B6EB440077859F /* platform.cpp in Sources */,
				49DC583F14B7883D0077859F /* ScriptRegistry.cpp in Sources */,
				49DC584D14B788A80077859F /* jumpto.cpp in Sources */,
				49DC585014B788A80077859F /* OptionsManager.cpp in Sources */,
				49DC585214B788A80077859F /* OptionsXml.cpp in Sources */,
				49DC585A14BC30280077859F /* scaccessor.cpp in Sources */,
				49DC585F14BC31E90077859F /* xmlfileautocomplete.cpp in Sources */,
				49DC586314BC32AB0077859F /* extension.cpp in Sources */,
				49DC586614BC33C60077859F /* deletionmanager.cpp in Sources */,
				49DC586A14BC34B80077859F /* libpeanut.cpp in Sources */,
				490FD8A914BCC5B300CAB54C /* dos_wildcard.cpp in Sources */,
			);
			runOnlyForDeploymentPostprocessing = 0;
		};
/* End PBXSourcesBuildPhase section */

/* Begin XCBuildConfiguration section */
		49DEA848149B383B007E458E /* Debug */ = {
			isa = XCBuildConfiguration;
			buildSettings = {
				ALWAYS_SEARCH_USER_PATHS = NO;
				ARCHS = "$(ARCHS_STANDARD_64_BIT)";
				CLANG_CXX_LANGUAGE_STANDARD = "c++0x";
				CLANG_CXX_LIBRARY = "libc++";
				COPY_PHASE_STRIP = NO;
				GCC_C_LANGUAGE_STANDARD = gnu99;
				GCC_DYNAMIC_NO_PIC = NO;
				GCC_ENABLE_OBJC_EXCEPTIONS = YES;
				GCC_OPTIMIZATION_LEVEL = 0;
				GCC_PREPROCESSOR_DEFINITIONS = (
					"PLAT_MAC=1",
					"DEBUG=1",
					"$(inherited)",
					"PN_NO_CSTRING=1",
					"SCI_NAMESPACE=1",
				);
				GCC_SYMBOLS_PRIVATE_EXTERN = NO;
				GCC_VERSION = com.apple.compilers.llvm.clang.1_0;
				GCC_WARN_64_TO_32_BIT_CONVERSION = YES;
				GCC_WARN_ABOUT_MISSING_PROTOTYPES = YES;
				GCC_WARN_ABOUT_RETURN_TYPE = YES;
				GCC_WARN_UNUSED_VARIABLE = YES;
				HEADER_SEARCH_PATHS = ../../lib/boost_1_48_0;
				LIBRARY_SEARCH_PATHS = ../../lib/boost_1_48_0/stage/lib;
				MACOSX_DEPLOYMENT_TARGET = 10.7;
				ONLY_ACTIVE_ARCH = YES;
				OTHER_LDFLAGS = (
					"-lboost_system",
					"-lboost_filesystem",
					"-lexpat",
				);
				SDKROOT = macosx;
			};
			name = Debug;
		};
		49DEA849149B383B007E458E /* Release */ = {
			isa = XCBuildConfiguration;
			buildSettings = {
				ALWAYS_SEARCH_USER_PATHS = NO;
				ARCHS = "$(ARCHS_STANDARD_64_BIT)";
				CLANG_CXX_LANGUAGE_STANDARD = "c++0x";
				CLANG_CXX_LIBRARY = "libc++";
				COPY_PHASE_STRIP = YES;
				DEBUG_INFORMATION_FORMAT = "dwarf-with-dsym";
				GCC_C_LANGUAGE_STANDARD = gnu99;
				GCC_ENABLE_OBJC_EXCEPTIONS = YES;
				GCC_VERSION = com.apple.compilers.llvm.clang.1_0;
				GCC_WARN_64_TO_32_BIT_CONVERSION = YES;
				GCC_WARN_ABOUT_MISSING_PROTOTYPES = YES;
				GCC_WARN_ABOUT_RETURN_TYPE = YES;
				GCC_WARN_UNUSED_VARIABLE = YES;
				HEADER_SEARCH_PATHS = ../../lib/boost_1_48_0;
				LIBRARY_SEARCH_PATHS = ../../lib/boost_1_48_0/stage/lib;
				MACOSX_DEPLOYMENT_TARGET = 10.7;
				OTHER_LDFLAGS = (
					"-lboost_system",
					"-lboost_filesystem",
					"-lexpat",
				);
				SDKROOT = macosx;
			};
			name = Release;
		};
		49DEA84B149B383B007E458E /* Debug */ = {
			isa = XCBuildConfiguration;
			buildSettings = {
				LIBRARY_SEARCH_PATHS = (
					"$(inherited)",
					"\"$(SRCROOT)/../pnwtl/lib/boost-python-2.6\"",
					"\"$(SRCROOT)/../pnwtl/lib/boost_unit_test\"",
					"\"$(SRCROOT)/../pnwtl/lib/Debug\"",
					"\"$(SRCROOT)/../pnwtl/lib\"",
					"\"$(SRCROOT)/../pnwtl/third_party/expat/.libs\"",
				);
				PRODUCT_NAME = "$(TARGET_NAME)";
			};
			name = Debug;
		};
		49DEA84C149B383B007E458E /* Release */ = {
			isa = XCBuildConfiguration;
			buildSettings = {
				LIBRARY_SEARCH_PATHS = (
					"$(inherited)",
					"\"$(SRCROOT)/../pnwtl/lib/boost-python-2.6\"",
					"\"$(SRCROOT)/../pnwtl/lib/boost_unit_test\"",
					"\"$(SRCROOT)/../pnwtl/lib/Debug\"",
					"\"$(SRCROOT)/../pnwtl/lib\"",
					"\"$(SRCROOT)/../pnwtl/third_party/expat/.libs\"",
				);
				PRODUCT_NAME = "$(TARGET_NAME)";
			};
			name = Release;
		};
/* End XCBuildConfiguration section */

/* Begin XCConfigurationList section */
		49DEA836149B383A007E458E /* Build configuration list for PBXProject "libpeanut" */ = {
			isa = XCConfigurationList;
			buildConfigurations = (
				49DEA848149B383B007E458E /* Debug */,
				49DEA849149B383B007E458E /* Release */,
			);
			defaultConfigurationIsVisible = 0;
			defaultConfigurationName = Release;
		};
		49DEA84A149B383B007E458E /* Build configuration list for PBXNativeTarget "libpeanut" */ = {
			isa = XCConfigurationList;
			buildConfigurations = (
				49DEA84B149B383B007E458E /* Debug */,
				49DEA84C149B383B007E458E /* Release */,
			);
			defaultConfigurationIsVisible = 0;
			defaultConfigurationName = Release;
		};
/* End XCConfigurationList section */
	};
	rootObject = 49DEA833149B383A007E458E /* Project object */;
}
