Microsoft Visual Studio Solution File, Format Version 8.00
Project("{8BC9CEB8-8B4A-11D0-8D11-00A0C91BC942}") = "gnu_regex", "gnu_regex.vcproj", "{BAE1681D-A561-4E4B-ABD2-1A31671BD621}"
	ProjectSection(ProjectDependencies) = postProject
	EndProjectSection
EndProject
Project("{8BC9CEB8-8B4A-11D0-8D11-00A0C91BC942}") = "test_gnu_regex", "test_gnu_regex.vcproj", "{DDD148AD-5B22-402A-947D-9222169DED77}"
	ProjectSection(ProjectDependencies) = postProject
		{BAE1681D-A561-4E4B-ABD2-1A31671BD621} = {BAE1681D-A561-4E4B-ABD2-1A31671BD621}
	EndProjectSection
EndProject
Global
	GlobalSection(SolutionConfiguration) = preSolution
		Debug = Debug
		Release = Release
	EndGlobalSection
	GlobalSection(ProjectConfiguration) = postSolution
		{BAE1681D-A561-4E4B-ABD2-1A31671BD621}.Debug.ActiveCfg = Debug|Win32
		{BAE1681D-A561-4E4B-ABD2-1A31671BD621}.Debug.Build.0 = Debug|Win32
		{BAE1681D-A561-4E4B-ABD2-1A31671BD621}.Release.ActiveCfg = Release|Win32
		{BAE1681D-A561-4E4B-ABD2-1A31671BD621}.Release.Build.0 = Release|Win32
		{DDD148AD-5B22-402A-947D-9222169DED77}.Debug.ActiveCfg = Debug|Win32
		{DDD148AD-5B22-402A-947D-9222169DED77}.Debug.Build.0 = Debug|Win32
		{DDD148AD-5B22-402A-947D-9222169DED77}.Release.ActiveCfg = Release|Win32
		{DDD148AD-5B22-402A-947D-9222169DED77}.Release.Build.0 = Release|Win32
	EndGlobalSection
	GlobalSection(ExtensibilityGlobals) = postSolution
	EndGlobalSection
	GlobalSection(ExtensibilityAddIns) = postSolution
	EndGlobalSection
EndGlobal
